// !$*UTF8*$!
{
	archiveVersion = 1;
	classes = {
	};
	objectVersion = 77;
	objects = {

/* Begin PBXBuildFile section */
		0116B4A85E4A5E34794F131A /* ModuleSupervisorActor.swift in Sources */ = {isa = PBXBuildFile; fileRef = DE7C84911B649803DA6B062F /* ModuleSupervisorActor.swift */; };
		05921957817FAB229F388097 /* DeepgramParsingTests.swift in Sources */ = {isa = PBXBuildFile; fileRef = 421A7D16D1EBBEB924F4E229 /* DeepgramParsingTests.swift */; };
		060EC984E1C91CD9961BF752 /* ScreenChangeDetectionActorTests.swift in Sources */ = {isa = PBXBuildFile; fileRef = 5167163D28D550BE468A4D2C /* ScreenChangeDetectionActorTests.swift */; };
		0CC6D3D986052CE2EB88181C /* AudioRingBuffer.swift in Sources */ = {isa = PBXBuildFile; fileRef = 03835485E37E03DA196D1659 /* AudioRingBuffer.swift */; };
		12653712CABF7A8B87C51C6C /* ScreenChangeEvent.swift in Sources */ = {isa = PBXBuildFile; fileRef = FDB7027E00803661C4F439F2 /* ScreenChangeEvent.swift */; };
		13AC4A829C8A428BD2F2E84D /* MockPerceptionModule.swift in Sources */ = {isa = PBXBuildFile; fileRef = A6B9A7F74C631BB2A66D4D66 /* MockPerceptionModule.swift */; };
		16776A30DF1530F1EC2EC696 /* RawTranscriptEvent.swift in Sources */ = {isa = PBXBuildFile; fileRef = 8BC9FD0C909B82FFC37776F4 /* RawTranscriptEvent.swift */; };
		168DEB9EB0CFFAF1627A5BF2 /* SceneDescriptionActorTests.swift in Sources */ = {isa = PBXBuildFile; fileRef = EAD4B8C364EA5C4A1F0CB2B9 /* SceneDescriptionActorTests.swift */; };
		18D61035558A44D4B2B6D034 /* MockFrameDifferencer.swift in Sources */ = {isa = PBXBuildFile; fileRef = 786977FED980AA3953B4C902 /* MockFrameDifferencer.swift */; };
		1C4086DC9C75D099C265107C /* TurnEvent.swift in Sources */ = {isa = PBXBuildFile; fileRef = F98127909528A59B3EBABFD9 /* TurnEvent.swift */; };
		1E0E0070D3B76CDC06205756 /* AXFocusEvent.swift in Sources */ = {isa = PBXBuildFile; fileRef = 0873D68A6A4C153A3C0B5B08 /* AXFocusEvent.swift */; };
		20F305D4B6EB3C5949927D99 /* ScreenFrameEvent.swift in Sources */ = {isa = PBXBuildFile; fileRef = 0BC5CB87D6F0B0309C8894A9 /* ScreenFrameEvent.swift */; };
		21D8589C4AEEDF30C5BFAA5F /* SceneDescriptionEvent.swift in Sources */ = {isa = PBXBuildFile; fileRef = C558EA2E3273CB2A1C4F8C26 /* SceneDescriptionEvent.swift */; };
		26059399C43305A9080890C7 /* ModuleSupervisorActorTests.swift in Sources */ = {isa = PBXBuildFile; fileRef = C49E18F66D7464B034E556F3 /* ModuleSupervisorActorTests.swift */; };
		274D4896FD4E44BE75EFB12F /* SceneChangeDetectionActorTests.swift in Sources */ = {isa = PBXBuildFile; fileRef = 9E4EB9A4705019035338F2C2 /* SceneChangeDetectionActorTests.swift */; };
		2C38E4D9CFA93B0577181FB7 /* TranscriptProjectionActor.swift in Sources */ = {isa = PBXBuildFile; fileRef = 97241A3C384AE2666045545C /* TranscriptProjectionActor.swift */; };
		2E3CE7A405E7BEACAABFEEE0 /* CameraLatestFrameBufferTests.swift in Sources */ = {isa = PBXBuildFile; fileRef = F4D7C2AD03A01F0873BF5E4E /* CameraLatestFrameBufferTests.swift */; };
		30C2DC0382579E2545E61346 /* EventLogViewModelTests.swift in Sources */ = {isa = PBXBuildFile; fileRef = 7A6E18CE709CBAC1BBF7FABF /* EventLogViewModelTests.swift */; };
		32D41898F2B2592CA0AFC21E /* MicrophoneCaptureActor.swift in Sources */ = {isa = PBXBuildFile; fileRef = 1A3B55E561509BA7F23CC609 /* MicrophoneCaptureActor.swift */; };
		34C2A8119D4FCF9675FAB7DD /* VisionProvider.swift in Sources */ = {isa = PBXBuildFile; fileRef = 601DAE8AEB2E9310DA771D82 /* VisionProvider.swift */; };
		39BA40B5EAD8E8202D8FCDCA /* EventLoggerActor.swift in Sources */ = {isa = PBXBuildFile; fileRef = 6726D5D949181481CCA51E1F /* EventLoggerActor.swift */; };
		3E7850193DD34B0BE4C1450D /* CognitiveCoreActor.swift in Sources */ = {isa = PBXBuildFile; fileRef = 700A2EBA95A9DEFE0783BF9C /* CognitiveCoreActor.swift */; };
		406343F3BB034AEFB5A2A9A2 /* ScreenLatestFrameBuffer.swift in Sources */ = {isa = PBXBuildFile; fileRef = B2EAB862355E93FB5888F06E /* ScreenLatestFrameBuffer.swift */; };
		49725AD6DF735CA69CE0F481 /* Environment.swift in Sources */ = {isa = PBXBuildFile; fileRef = 168FA5F5D4BBBBC4654987A1 /* Environment.swift */; };
		4974A104780C275015A848FC /* CameraFrameActor.swift in Sources */ = {isa = PBXBuildFile; fileRef = 6AC74C421A27CDC690414C5A /* CameraFrameActor.swift */; };
		4D0EB0FBC65D4CD8AE4A1E12 /* ClaudeVisionProvider.swift in Sources */ = {isa = PBXBuildFile; fileRef = 318E4F611F34BF915A30788D /* ClaudeVisionProvider.swift */; };
		5035974F97216606123E6743 /* StateRegistryActorTests.swift in Sources */ = {isa = PBXBuildFile; fileRef = DC0AA8FF292C791F7E834BEB /* StateRegistryActorTests.swift */; };
		50CD1624026C279CB6919667 /* TTSActor.swift in Sources */ = {isa = PBXBuildFile; fileRef = 3E5F56ABE002FBD6CEFCDF6F /* TTSActor.swift */; };
		51C4F4E90A30812865E49C57 /* PerceptionLogActorTests.swift in Sources */ = {isa = PBXBuildFile; fileRef = 3B44A1126FA73A94DBF5DF0E /* PerceptionLogActorTests.swift */; };
		5A5BF4464FED5939D4622A71 /* StateRegistryActor.swift in Sources */ = {isa = PBXBuildFile; fileRef = 36E000CF46FD9F55801192E4 /* StateRegistryActor.swift */; };
		5A7A7E6AA5E7F7210D806B29 /* TestRecorder.swift in Sources */ = {isa = PBXBuildFile; fileRef = 9B83E289D3AADF25670B1B8D /* TestRecorder.swift */; };
		5B681E87641F26FF14103B3B /* ScreenDescriptionActorTests.swift in Sources */ = {isa = PBXBuildFile; fileRef = B1CA796F706D99188FDD9279 /* ScreenDescriptionActorTests.swift */; };
		5B9022A6DAF0D8DDDA01B484 /* BantiModule.swift in Sources */ = {isa = PBXBuildFile; fileRef = F43B02A7E9EE573D65014D4D /* BantiModule.swift */; };
		5C99F5AE9183AA62F463E769 /* SceneDescriptionActor.swift in Sources */ = {isa = PBXBuildFile; fileRef = B8B4E5FAAA6B47DD99A52BA1 /* SceneDescriptionActor.swift */; };
		5F74B686C2DBB214FD615DE8 /* ModuleStatusEvent.swift in Sources */ = {isa = PBXBuildFile; fileRef = 256C24808236AB6EB630838D /* ModuleStatusEvent.swift */; };
		61E218F7A69F09EDAAE2223C /* ScreenDescriptionEvent.swift in Sources */ = {isa = PBXBuildFile; fileRef = AE30BB6479FAE9604896B405 /* ScreenDescriptionEvent.swift */; };
		63D2638DC97C505F744CDFC6 /* AudioFrameEvent.swift in Sources */ = {isa = PBXBuildFile; fileRef = DFD1FA1A1D1265444177044B /* AudioFrameEvent.swift */; };
		6E1767E76B5DEA612FF89545 /* CameraFrameEvent.swift in Sources */ = {isa = PBXBuildFile; fileRef = 7D3707AAB46AC0E50D7017E2 /* CameraFrameEvent.swift */; };
		7034803DB69889590DA98D1E /* AXEventBridge.swift in Sources */ = {isa = PBXBuildFile; fileRef = B70D259255ACF48B7585ED3A /* AXEventBridge.swift */; };
		706307043149DF4E4A1AECD9 /* SpeakChunkEvent.swift in Sources */ = {isa = PBXBuildFile; fileRef = 8FEB8E76E0759446EFD50742 /* SpeakChunkEvent.swift */; };
		716A34CD91A03821A3E7F4D1 /* CameraFrameActorTests.swift in Sources */ = {isa = PBXBuildFile; fileRef = D95D7FC170590688B8DAA89C /* CameraFrameActorTests.swift */; };
		736C20B2AF65CD05F3F1A599 /* InterruptEvent.swift in Sources */ = {isa = PBXBuildFile; fileRef = 3DD0947F7D95487CC838B24D /* InterruptEvent.swift */; };
		811A02F0BF1449BAEB492F4F /* MockVisionProvider.swift in Sources */ = {isa = PBXBuildFile; fileRef = 286D3C4E4F8955B4F407463F /* MockVisionProvider.swift */; };
		81E12D4114C1290F287454D1 /* TurnDetectorActor.swift in Sources */ = {isa = PBXBuildFile; fileRef = 3702A507014165869DC6D055 /* TurnDetectorActor.swift */; };
		86D29C9F642186F95AF93B9A /* ClaudeVisionProviderTests.swift in Sources */ = {isa = PBXBuildFile; fileRef = B03834A156D0AA2B2DC50B0B /* ClaudeVisionProviderTests.swift */; };
		87192CC8452BC41457542D70 /* EventHubActorTests.swift in Sources */ = {isa = PBXBuildFile; fileRef = D59989797E6EBBFC0CF35411 /* EventHubActorTests.swift */; };
		8A63AAFC48F079FBD15F40A2 /* ConfigActor.swift in Sources */ = {isa = PBXBuildFile; fileRef = 3875E1430258F8FE36EA5C52 /* ConfigActor.swift */; };
		8FB048924620B2AE86A3F332 /* MemoryWriteBackActor.swift in Sources */ = {isa = PBXBuildFile; fileRef = A4EB33E4B693349BC716CD00 /* MemoryWriteBackActor.swift */; };
		914DD21EA5D1BB1C7F4D4D49 /* AXFocusActor.swift in Sources */ = {isa = PBXBuildFile; fileRef = 918C9171048F6CEEAD674ED0 /* AXFocusActor.swift */; };
		9429620D13ABE5B1626406DD /* CognitiveCoreActorTests.swift in Sources */ = {isa = PBXBuildFile; fileRef = 7731A91D114DA7FA1615CC67 /* CognitiveCoreActorTests.swift */; };
		969970C37CCEEC8C9DC08F42 /* MemoryWriteBackActorTests.swift in Sources */ = {isa = PBXBuildFile; fileRef = 559FAD22030D2ECFCD745548 /* MemoryWriteBackActorTests.swift */; };
		A0C5595C99E8F714511907BC /* ConfigActorTests.swift in Sources */ = {isa = PBXBuildFile; fileRef = 9BD7938B53B7B6E73741A722 /* ConfigActorTests.swift */; };
		A1F7619C7A4AA112DC5E9E43 /* FrameDifferencer.swift in Sources */ = {isa = PBXBuildFile; fileRef = 7B5B57D68585A15A5529F048 /* FrameDifferencer.swift */; };
		A28B9533D680A58F2BE1BE4B /* ContextSnapshotActorTests.swift in Sources */ = {isa = PBXBuildFile; fileRef = 731DBD5F3A07177FECF52C41 /* ContextSnapshotActorTests.swift */; };
		A9E47F46030D9279CA94BFD7 /* TranscriptProjectionActorTests.swift in Sources */ = {isa = PBXBuildFile; fileRef = E90B42354A4336C695DFC877 /* TranscriptProjectionActorTests.swift */; };
		AB04C1FF4C8E78984B69A213 /* ScreenCaptureActor.swift in Sources */ = {isa = PBXBuildFile; fileRef = B584FB2D7A40062E4E388733 /* ScreenCaptureActor.swift */; };
		AF162F12BEF2D8258D0CA042 /* ScreenDescriptionActor.swift in Sources */ = {isa = PBXBuildFile; fileRef = D8A27AFE9E5577065AFEB5E3 /* ScreenDescriptionActor.swift */; };
		B0C5BFB93DF98B9C691F4B4A /* PerceptionLogActor.swift in Sources */ = {isa = PBXBuildFile; fileRef = EFABC13FD1DA2D0BF501D70D /* PerceptionLogActor.swift */; };
		B2CD1C6CA28F56C373AB7189 /* EventLogViewModel.swift in Sources */ = {isa = PBXBuildFile; fileRef = 77F3110C0511F98CF7D8BDE2 /* EventLogViewModel.swift */; };
		B88977CC8414AD0014A55966 /* PerceptionEvent.swift in Sources */ = {isa = PBXBuildFile; fileRef = 27FA4FE960A78FDABE3B28C3 /* PerceptionEvent.swift */; };
		BD2D595762C21F17D78CEEC4 /* ScreenChangeDetectionActor.swift in Sources */ = {isa = PBXBuildFile; fileRef = 35270271B1F4A498C3C6B270 /* ScreenChangeDetectionActor.swift */; };
		BE278D1526BF8DD19C53CF77 /* TranscriptSegmentEvent.swift in Sources */ = {isa = PBXBuildFile; fileRef = F01DB98C39543E07587402A1 /* TranscriptSegmentEvent.swift */; };
		C55985138258E88026B90693 /* BantiApp.swift in Sources */ = {isa = PBXBuildFile; fileRef = 07A5232F659BAB269BF7D63C /* BantiApp.swift */; };
		C5A4CA6D7989074AB4F9A97D /* EventLogEntry.swift in Sources */ = {isa = PBXBuildFile; fileRef = B0C8B55B456F08A735A37F0F /* EventLogEntry.swift */; };
		C9C4B28C13ED74B52A6C59BE /* SceneChangeEvent.swift in Sources */ = {isa = PBXBuildFile; fileRef = 4057EDFB2DDC2E2C25756863 /* SceneChangeEvent.swift */; };
		D8DF30E090A24E8BBA26A878 /* SceneChangeDetectionActor.swift in Sources */ = {isa = PBXBuildFile; fileRef = CA190EE5702F5A3486339973 /* SceneChangeDetectionActor.swift */; };
		DC4CF54255F06DFCE7368939 /* EventHubActor.swift in Sources */ = {isa = PBXBuildFile; fileRef = ABC1BEA213B7113BA74DC8A6 /* EventHubActor.swift */; };
		E0F0DDD03396662C644467E5 /* ContextSnapshotActor.swift in Sources */ = {isa = PBXBuildFile; fileRef = AA49C1D75630F20D1CA13EA8 /* ContextSnapshotActor.swift */; };
		E541B46D3B9578CDFE5E5A4C /* DeepgramStreamingActor.swift in Sources */ = {isa = PBXBuildFile; fileRef = A3F20B78389B9959D613AA9D /* DeepgramStreamingActor.swift */; };
		E6CF9D36D36B7C2E7CF31147 /* MockScreenFrameDifferencer.swift in Sources */ = {isa = PBXBuildFile; fileRef = 5FE863C9B278C7E560C1E58F /* MockScreenFrameDifferencer.swift */; };
		E7105CF84D666F0CBD5AAEAB /* TurnDetectorActorTests.swift in Sources */ = {isa = PBXBuildFile; fileRef = 53FC7A687A3A0B7E083D4CD3 /* TurnDetectorActorTests.swift */; };
		E7CBA6D07688984C30C095C2 /* TTSActorTests.swift in Sources */ = {isa = PBXBuildFile; fileRef = 34B5DA8CA73D5EFB86037E61 /* TTSActorTests.swift */; };
		EA3FEDE23F07D8B87EE8B731 /* CameraLatestFrameBuffer.swift in Sources */ = {isa = PBXBuildFile; fileRef = 61C57C3E475911F190FDBEC2 /* CameraLatestFrameBuffer.swift */; };
		EAFAD0EB7150048F1865FF68 /* ScreenFrameDifferencer.swift in Sources */ = {isa = PBXBuildFile; fileRef = C35A0869BF014E80A1E69895 /* ScreenFrameDifferencer.swift */; };
		EDDF50F11397BD837EB0BFFD /* AgentResponseEvent.swift in Sources */ = {isa = PBXBuildFile; fileRef = E3DE3F95E5A5CAAD67B66636 /* AgentResponseEvent.swift */; };
		EE10FB98B83B296A40576220 /* AXFocusActorTests.swift in Sources */ = {isa = PBXBuildFile; fileRef = 4AAD7E67F99E2A0333D66D17 /* AXFocusActorTests.swift */; };
		EEB170745A7923B1A775BFA4 /* ActiveAppActor.swift in Sources */ = {isa = PBXBuildFile; fileRef = 198975339E161A9BC617A535 /* ActiveAppActor.swift */; };
		F25225D84EC9FC7DD17782A0 /* EventLogView.swift in Sources */ = {isa = PBXBuildFile; fileRef = 60D6A874BDAB4A0C135F2233 /* EventLogView.swift */; };
		FB8C9BEEB24A864E16495BC5 /* ActiveAppEvent.swift in Sources */ = {isa = PBXBuildFile; fileRef = 25CB3B36FB59063D65830D36 /* ActiveAppEvent.swift */; };
/* End PBXBuildFile section */

/* Begin PBXContainerItemProxy section */
		D044E710A8D36E87933C2530 /* PBXContainerItemProxy */ = {
			isa = PBXContainerItemProxy;
			containerPortal = CA81A4E019AC4DDEC0518D3B /* Project object */;
			proxyType = 1;
			remoteGlobalIDString = 60D4E5FB2642148C202908B6;
			remoteInfo = Banti;
		};
/* End PBXContainerItemProxy section */

/* Begin PBXFileReference section */
		03835485E37E03DA196D1659 /* AudioRingBuffer.swift */ = {isa = PBXFileReference; lastKnownFileType = sourcecode.swift; path = AudioRingBuffer.swift; sourceTree = "<group>"; };
		07A5232F659BAB269BF7D63C /* BantiApp.swift */ = {isa = PBXFileReference; lastKnownFileType = sourcecode.swift; path = BantiApp.swift; sourceTree = "<group>"; };
		0873D68A6A4C153A3C0B5B08 /* AXFocusEvent.swift */ = {isa = PBXFileReference; lastKnownFileType = sourcecode.swift; path = AXFocusEvent.swift; sourceTree = "<group>"; };
		0BC5CB87D6F0B0309C8894A9 /* ScreenFrameEvent.swift */ = {isa = PBXFileReference; lastKnownFileType = sourcecode.swift; path = ScreenFrameEvent.swift; sourceTree = "<group>"; };
		168FA5F5D4BBBBC4654987A1 /* Environment.swift */ = {isa = PBXFileReference; lastKnownFileType = sourcecode.swift; path = Environment.swift; sourceTree = "<group>"; };
		198975339E161A9BC617A535 /* ActiveAppActor.swift */ = {isa = PBXFileReference; lastKnownFileType = sourcecode.swift; path = ActiveAppActor.swift; sourceTree = "<group>"; };
		1A3B55E561509BA7F23CC609 /* MicrophoneCaptureActor.swift */ = {isa = PBXFileReference; lastKnownFileType = sourcecode.swift; path = MicrophoneCaptureActor.swift; sourceTree = "<group>"; };
		256C24808236AB6EB630838D /* ModuleStatusEvent.swift */ = {isa = PBXFileReference; lastKnownFileType = sourcecode.swift; path = ModuleStatusEvent.swift; sourceTree = "<group>"; };
		25CB3B36FB59063D65830D36 /* ActiveAppEvent.swift */ = {isa = PBXFileReference; lastKnownFileType = sourcecode.swift; path = ActiveAppEvent.swift; sourceTree = "<group>"; };
		27FA4FE960A78FDABE3B28C3 /* PerceptionEvent.swift */ = {isa = PBXFileReference; lastKnownFileType = sourcecode.swift; path = PerceptionEvent.swift; sourceTree = "<group>"; };
		286D3C4E4F8955B4F407463F /* MockVisionProvider.swift */ = {isa = PBXFileReference; lastKnownFileType = sourcecode.swift; path = MockVisionProvider.swift; sourceTree = "<group>"; };
		318E4F611F34BF915A30788D /* ClaudeVisionProvider.swift */ = {isa = PBXFileReference; lastKnownFileType = sourcecode.swift; path = ClaudeVisionProvider.swift; sourceTree = "<group>"; };
		34B5DA8CA73D5EFB86037E61 /* TTSActorTests.swift */ = {isa = PBXFileReference; lastKnownFileType = sourcecode.swift; path = TTSActorTests.swift; sourceTree = "<group>"; };
		35270271B1F4A498C3C6B270 /* ScreenChangeDetectionActor.swift */ = {isa = PBXFileReference; lastKnownFileType = sourcecode.swift; path = ScreenChangeDetectionActor.swift; sourceTree = "<group>"; };
		36E000CF46FD9F55801192E4 /* StateRegistryActor.swift */ = {isa = PBXFileReference; lastKnownFileType = sourcecode.swift; path = StateRegistryActor.swift; sourceTree = "<group>"; };
		3702A507014165869DC6D055 /* TurnDetectorActor.swift */ = {isa = PBXFileReference; lastKnownFileType = sourcecode.swift; path = TurnDetectorActor.swift; sourceTree = "<group>"; };
		3875E1430258F8FE36EA5C52 /* ConfigActor.swift */ = {isa = PBXFileReference; lastKnownFileType = sourcecode.swift; path = ConfigActor.swift; sourceTree = "<group>"; };
		3B44A1126FA73A94DBF5DF0E /* PerceptionLogActorTests.swift */ = {isa = PBXFileReference; lastKnownFileType = sourcecode.swift; path = PerceptionLogActorTests.swift; sourceTree = "<group>"; };
		3DD0947F7D95487CC838B24D /* InterruptEvent.swift */ = {isa = PBXFileReference; lastKnownFileType = sourcecode.swift; path = InterruptEvent.swift; sourceTree = "<group>"; };
		3E5F56ABE002FBD6CEFCDF6F /* TTSActor.swift */ = {isa = PBXFileReference; lastKnownFileType = sourcecode.swift; path = TTSActor.swift; sourceTree = "<group>"; };
		4057EDFB2DDC2E2C25756863 /* SceneChangeEvent.swift */ = {isa = PBXFileReference; lastKnownFileType = sourcecode.swift; path = SceneChangeEvent.swift; sourceTree = "<group>"; };
		421A7D16D1EBBEB924F4E229 /* DeepgramParsingTests.swift */ = {isa = PBXFileReference; lastKnownFileType = sourcecode.swift; path = DeepgramParsingTests.swift; sourceTree = "<group>"; };
		4AAD7E67F99E2A0333D66D17 /* AXFocusActorTests.swift */ = {isa = PBXFileReference; lastKnownFileType = sourcecode.swift; path = AXFocusActorTests.swift; sourceTree = "<group>"; };
		5167163D28D550BE468A4D2C /* ScreenChangeDetectionActorTests.swift */ = {isa = PBXFileReference; lastKnownFileType = sourcecode.swift; path = ScreenChangeDetectionActorTests.swift; sourceTree = "<group>"; };
		53FC7A687A3A0B7E083D4CD3 /* TurnDetectorActorTests.swift */ = {isa = PBXFileReference; lastKnownFileType = sourcecode.swift; path = TurnDetectorActorTests.swift; sourceTree = "<group>"; };
		559FAD22030D2ECFCD745548 /* MemoryWriteBackActorTests.swift */ = {isa = PBXFileReference; lastKnownFileType = sourcecode.swift; path = MemoryWriteBackActorTests.swift; sourceTree = "<group>"; };
		5FE863C9B278C7E560C1E58F /* MockScreenFrameDifferencer.swift */ = {isa = PBXFileReference; lastKnownFileType = sourcecode.swift; path = MockScreenFrameDifferencer.swift; sourceTree = "<group>"; };
		601DAE8AEB2E9310DA771D82 /* VisionProvider.swift */ = {isa = PBXFileReference; lastKnownFileType = sourcecode.swift; path = VisionProvider.swift; sourceTree = "<group>"; };
		60D6A874BDAB4A0C135F2233 /* EventLogView.swift */ = {isa = PBXFileReference; lastKnownFileType = sourcecode.swift; path = EventLogView.swift; sourceTree = "<group>"; };
		61C57C3E475911F190FDBEC2 /* CameraLatestFrameBuffer.swift */ = {isa = PBXFileReference; lastKnownFileType = sourcecode.swift; path = CameraLatestFrameBuffer.swift; sourceTree = "<group>"; };
		637D4C47575CEAE1410E4D31 /* BantiTests.xctest */ = {isa = PBXFileReference; explicitFileType = wrapper.cfbundle; includeInIndex = 0; path = BantiTests.xctest; sourceTree = BUILT_PRODUCTS_DIR; };
		6726D5D949181481CCA51E1F /* EventLoggerActor.swift */ = {isa = PBXFileReference; lastKnownFileType = sourcecode.swift; path = EventLoggerActor.swift; sourceTree = "<group>"; };
		6AC74C421A27CDC690414C5A /* CameraFrameActor.swift */ = {isa = PBXFileReference; lastKnownFileType = sourcecode.swift; path = CameraFrameActor.swift; sourceTree = "<group>"; };
		700A2EBA95A9DEFE0783BF9C /* CognitiveCoreActor.swift */ = {isa = PBXFileReference; lastKnownFileType = sourcecode.swift; path = CognitiveCoreActor.swift; sourceTree = "<group>"; };
		731DBD5F3A07177FECF52C41 /* ContextSnapshotActorTests.swift */ = {isa = PBXFileReference; lastKnownFileType = sourcecode.swift; path = ContextSnapshotActorTests.swift; sourceTree = "<group>"; };
		7731A91D114DA7FA1615CC67 /* CognitiveCoreActorTests.swift */ = {isa = PBXFileReference; lastKnownFileType = sourcecode.swift; path = CognitiveCoreActorTests.swift; sourceTree = "<group>"; };
		77F3110C0511F98CF7D8BDE2 /* EventLogViewModel.swift */ = {isa = PBXFileReference; lastKnownFileType = sourcecode.swift; path = EventLogViewModel.swift; sourceTree = "<group>"; };
		786977FED980AA3953B4C902 /* MockFrameDifferencer.swift */ = {isa = PBXFileReference; lastKnownFileType = sourcecode.swift; path = MockFrameDifferencer.swift; sourceTree = "<group>"; };
		7A6E18CE709CBAC1BBF7FABF /* EventLogViewModelTests.swift */ = {isa = PBXFileReference; lastKnownFileType = sourcecode.swift; path = EventLogViewModelTests.swift; sourceTree = "<group>"; };
		7B5B57D68585A15A5529F048 /* FrameDifferencer.swift */ = {isa = PBXFileReference; lastKnownFileType = sourcecode.swift; path = FrameDifferencer.swift; sourceTree = "<group>"; };
		7D3707AAB46AC0E50D7017E2 /* CameraFrameEvent.swift */ = {isa = PBXFileReference; lastKnownFileType = sourcecode.swift; path = CameraFrameEvent.swift; sourceTree = "<group>"; };
		8BC9FD0C909B82FFC37776F4 /* RawTranscriptEvent.swift */ = {isa = PBXFileReference; lastKnownFileType = sourcecode.swift; path = RawTranscriptEvent.swift; sourceTree = "<group>"; };
		8FEB8E76E0759446EFD50742 /* SpeakChunkEvent.swift */ = {isa = PBXFileReference; lastKnownFileType = sourcecode.swift; path = SpeakChunkEvent.swift; sourceTree = "<group>"; };
		918C9171048F6CEEAD674ED0 /* AXFocusActor.swift */ = {isa = PBXFileReference; lastKnownFileType = sourcecode.swift; path = AXFocusActor.swift; sourceTree = "<group>"; };
		97241A3C384AE2666045545C /* TranscriptProjectionActor.swift */ = {isa = PBXFileReference; lastKnownFileType = sourcecode.swift; path = TranscriptProjectionActor.swift; sourceTree = "<group>"; };
		9B83E289D3AADF25670B1B8D /* TestRecorder.swift */ = {isa = PBXFileReference; lastKnownFileType = sourcecode.swift; path = TestRecorder.swift; sourceTree = "<group>"; };
		9BD7938B53B7B6E73741A722 /* ConfigActorTests.swift */ = {isa = PBXFileReference; lastKnownFileType = sourcecode.swift; path = ConfigActorTests.swift; sourceTree = "<group>"; };
		9E4EB9A4705019035338F2C2 /* SceneChangeDetectionActorTests.swift */ = {isa = PBXFileReference; lastKnownFileType = sourcecode.swift; path = SceneChangeDetectionActorTests.swift; sourceTree = "<group>"; };
		A3F20B78389B9959D613AA9D /* DeepgramStreamingActor.swift */ = {isa = PBXFileReference; lastKnownFileType = sourcecode.swift; path = DeepgramStreamingActor.swift; sourceTree = "<group>"; };
		A4EB33E4B693349BC716CD00 /* MemoryWriteBackActor.swift */ = {isa = PBXFileReference; lastKnownFileType = sourcecode.swift; path = MemoryWriteBackActor.swift; sourceTree = "<group>"; };
		A6B9A7F74C631BB2A66D4D66 /* MockPerceptionModule.swift */ = {isa = PBXFileReference; lastKnownFileType = sourcecode.swift; path = MockPerceptionModule.swift; sourceTree = "<group>"; };
		AA49C1D75630F20D1CA13EA8 /* ContextSnapshotActor.swift */ = {isa = PBXFileReference; lastKnownFileType = sourcecode.swift; path = ContextSnapshotActor.swift; sourceTree = "<group>"; };
		ABC1BEA213B7113BA74DC8A6 /* EventHubActor.swift */ = {isa = PBXFileReference; lastKnownFileType = sourcecode.swift; path = EventHubActor.swift; sourceTree = "<group>"; };
		AE30BB6479FAE9604896B405 /* ScreenDescriptionEvent.swift */ = {isa = PBXFileReference; lastKnownFileType = sourcecode.swift; path = ScreenDescriptionEvent.swift; sourceTree = "<group>"; };
		AF1C8B04BDD355530465BB17 /* Banti.entitlements */ = {isa = PBXFileReference; lastKnownFileType = text.plist.entitlements; path = Banti.entitlements; sourceTree = "<group>"; };
		AF385C45F59FF8A8BD7E1C51 /* Info.plist */ = {isa = PBXFileReference; lastKnownFileType = text.plist; path = Info.plist; sourceTree = "<group>"; };
		B03834A156D0AA2B2DC50B0B /* ClaudeVisionProviderTests.swift */ = {isa = PBXFileReference; lastKnownFileType = sourcecode.swift; path = ClaudeVisionProviderTests.swift; sourceTree = "<group>"; };
		B0C8B55B456F08A735A37F0F /* EventLogEntry.swift */ = {isa = PBXFileReference; lastKnownFileType = sourcecode.swift; path = EventLogEntry.swift; sourceTree = "<group>"; };
		B1CA796F706D99188FDD9279 /* ScreenDescriptionActorTests.swift */ = {isa = PBXFileReference; lastKnownFileType = sourcecode.swift; path = ScreenDescriptionActorTests.swift; sourceTree = "<group>"; };
		B2EAB862355E93FB5888F06E /* ScreenLatestFrameBuffer.swift */ = {isa = PBXFileReference; lastKnownFileType = sourcecode.swift; path = ScreenLatestFrameBuffer.swift; sourceTree = "<group>"; };
		B584FB2D7A40062E4E388733 /* ScreenCaptureActor.swift */ = {isa = PBXFileReference; lastKnownFileType = sourcecode.swift; path = ScreenCaptureActor.swift; sourceTree = "<group>"; };
		B70D259255ACF48B7585ED3A /* AXEventBridge.swift */ = {isa = PBXFileReference; lastKnownFileType = sourcecode.swift; path = AXEventBridge.swift; sourceTree = "<group>"; };
		B8B4E5FAAA6B47DD99A52BA1 /* SceneDescriptionActor.swift */ = {isa = PBXFileReference; lastKnownFileType = sourcecode.swift; path = SceneDescriptionActor.swift; sourceTree = "<group>"; };
		C35A0869BF014E80A1E69895 /* ScreenFrameDifferencer.swift */ = {isa = PBXFileReference; lastKnownFileType = sourcecode.swift; path = ScreenFrameDifferencer.swift; sourceTree = "<group>"; };
		C49E18F66D7464B034E556F3 /* ModuleSupervisorActorTests.swift */ = {isa = PBXFileReference; lastKnownFileType = sourcecode.swift; path = ModuleSupervisorActorTests.swift; sourceTree = "<group>"; };
		C558EA2E3273CB2A1C4F8C26 /* SceneDescriptionEvent.swift */ = {isa = PBXFileReference; lastKnownFileType = sourcecode.swift; path = SceneDescriptionEvent.swift; sourceTree = "<group>"; };
		CA190EE5702F5A3486339973 /* SceneChangeDetectionActor.swift */ = {isa = PBXFileReference; lastKnownFileType = sourcecode.swift; path = SceneChangeDetectionActor.swift; sourceTree = "<group>"; };
		D59989797E6EBBFC0CF35411 /* EventHubActorTests.swift */ = {isa = PBXFileReference; lastKnownFileType = sourcecode.swift; path = EventHubActorTests.swift; sourceTree = "<group>"; };
		D8A27AFE9E5577065AFEB5E3 /* ScreenDescriptionActor.swift */ = {isa = PBXFileReference; lastKnownFileType = sourcecode.swift; path = ScreenDescriptionActor.swift; sourceTree = "<group>"; };
		D95D7FC170590688B8DAA89C /* CameraFrameActorTests.swift */ = {isa = PBXFileReference; lastKnownFileType = sourcecode.swift; path = CameraFrameActorTests.swift; sourceTree = "<group>"; };
		DC0AA8FF292C791F7E834BEB /* StateRegistryActorTests.swift */ = {isa = PBXFileReference; lastKnownFileType = sourcecode.swift; path = StateRegistryActorTests.swift; sourceTree = "<group>"; };
		DC916A1BAE4C1951451BEF82 /* Banti.app */ = {isa = PBXFileReference; explicitFileType = wrapper.application; includeInIndex = 0; path = Banti.app; sourceTree = BUILT_PRODUCTS_DIR; };
		DE7C84911B649803DA6B062F /* ModuleSupervisorActor.swift */ = {isa = PBXFileReference; lastKnownFileType = sourcecode.swift; path = ModuleSupervisorActor.swift; sourceTree = "<group>"; };
		DFD1FA1A1D1265444177044B /* AudioFrameEvent.swift */ = {isa = PBXFileReference; lastKnownFileType = sourcecode.swift; path = AudioFrameEvent.swift; sourceTree = "<group>"; };
		E3DE3F95E5A5CAAD67B66636 /* AgentResponseEvent.swift */ = {isa = PBXFileReference; lastKnownFileType = sourcecode.swift; path = AgentResponseEvent.swift; sourceTree = "<group>"; };
		E90B42354A4336C695DFC877 /* TranscriptProjectionActorTests.swift */ = {isa = PBXFileReference; lastKnownFileType = sourcecode.swift; path = TranscriptProjectionActorTests.swift; sourceTree = "<group>"; };
		EAD4B8C364EA5C4A1F0CB2B9 /* SceneDescriptionActorTests.swift */ = {isa = PBXFileReference; lastKnownFileType = sourcecode.swift; path = SceneDescriptionActorTests.swift; sourceTree = "<group>"; };
		EFABC13FD1DA2D0BF501D70D /* PerceptionLogActor.swift */ = {isa = PBXFileReference; lastKnownFileType = sourcecode.swift; path = PerceptionLogActor.swift; sourceTree = "<group>"; };
		F01DB98C39543E07587402A1 /* TranscriptSegmentEvent.swift */ = {isa = PBXFileReference; lastKnownFileType = sourcecode.swift; path = TranscriptSegmentEvent.swift; sourceTree = "<group>"; };
		F43B02A7E9EE573D65014D4D /* BantiModule.swift */ = {isa = PBXFileReference; lastKnownFileType = sourcecode.swift; path = BantiModule.swift; sourceTree = "<group>"; };
		F4D7C2AD03A01F0873BF5E4E /* CameraLatestFrameBufferTests.swift */ = {isa = PBXFileReference; lastKnownFileType = sourcecode.swift; path = CameraLatestFrameBufferTests.swift; sourceTree = "<group>"; };
		F98127909528A59B3EBABFD9 /* TurnEvent.swift */ = {isa = PBXFileReference; lastKnownFileType = sourcecode.swift; path = TurnEvent.swift; sourceTree = "<group>"; };
		FDB7027E00803661C4F439F2 /* ScreenChangeEvent.swift */ = {isa = PBXFileReference; lastKnownFileType = sourcecode.swift; path = ScreenChangeEvent.swift; sourceTree = "<group>"; };
/* End PBXFileReference section */

/* Begin PBXGroup section */
		04E758C85141E5FBBAE14845 /* Accessibility */ = {
			isa = PBXGroup;
			children = (
				B70D259255ACF48B7585ED3A /* AXEventBridge.swift */,
				918C9171048F6CEEAD674ED0 /* AXFocusActor.swift */,
			);
			path = Accessibility;
			sourceTree = "<group>";
		};
		1E163985C5B8502BCF6DC9DD /* Camera */ = {
			isa = PBXGroup;
			children = (
				6AC74C421A27CDC690414C5A /* CameraFrameActor.swift */,
				7B5B57D68585A15A5529F048 /* FrameDifferencer.swift */,
				CA190EE5702F5A3486339973 /* SceneChangeDetectionActor.swift */,
				B8B4E5FAAA6B47DD99A52BA1 /* SceneDescriptionActor.swift */,
				601DAE8AEB2E9310DA771D82 /* VisionProvider.swift */,
				44439ACAF76E0FBFFA5880A4 /* Providers */,
			);
			path = Camera;
			sourceTree = "<group>";
		};
		2B7D545AF161A610430A0E17 /* Screen */ = {
			isa = PBXGroup;
			children = (
				198975339E161A9BC617A535 /* ActiveAppActor.swift */,
				B584FB2D7A40062E4E388733 /* ScreenCaptureActor.swift */,
				35270271B1F4A498C3C6B270 /* ScreenChangeDetectionActor.swift */,
				D8A27AFE9E5577065AFEB5E3 /* ScreenDescriptionActor.swift */,
				C35A0869BF014E80A1E69895 /* ScreenFrameDifferencer.swift */,
			);
			path = Screen;
			sourceTree = "<group>";
		};
		44439ACAF76E0FBFFA5880A4 /* Providers */ = {
			isa = PBXGroup;
			children = (
				318E4F611F34BF915A30788D /* ClaudeVisionProvider.swift */,
			);
			path = Providers;
			sourceTree = "<group>";
		};
		4E904FCD47CCCF1B27EF352F /* Microphone */ = {
			isa = PBXGroup;
			children = (
				A3F20B78389B9959D613AA9D /* DeepgramStreamingActor.swift */,
				1A3B55E561509BA7F23CC609 /* MicrophoneCaptureActor.swift */,
				97241A3C384AE2666045545C /* TranscriptProjectionActor.swift */,
			);
			path = Microphone;
			sourceTree = "<group>";
		};
		525E3BAD6B165F1C8C791859 /* Products */ = {
			isa = PBXGroup;
			children = (
				DC916A1BAE4C1951451BEF82 /* Banti.app */,
				637D4C47575CEAE1410E4D31 /* BantiTests.xctest */,
			);
			name = Products;
			sourceTree = "<group>";
		};
		6E8CA040CDEBFC86359E259C = {
			isa = PBXGroup;
			children = (
				8FCAF660501782B48648B98F /* Banti */,
				89811AB7C011280EDA787521 /* BantiTests */,
				525E3BAD6B165F1C8C791859 /* Products */,
			);
			sourceTree = "<group>";
		};
		71C80B79F8548D794F3499FE /* Events */ = {
			isa = PBXGroup;
			children = (
				25CB3B36FB59063D65830D36 /* ActiveAppEvent.swift */,
				E3DE3F95E5A5CAAD67B66636 /* AgentResponseEvent.swift */,
				DFD1FA1A1D1265444177044B /* AudioFrameEvent.swift */,
				0873D68A6A4C153A3C0B5B08 /* AXFocusEvent.swift */,
				7D3707AAB46AC0E50D7017E2 /* CameraFrameEvent.swift */,
				3DD0947F7D95487CC838B24D /* InterruptEvent.swift */,
				256C24808236AB6EB630838D /* ModuleStatusEvent.swift */,
				8BC9FD0C909B82FFC37776F4 /* RawTranscriptEvent.swift */,
				4057EDFB2DDC2E2C25756863 /* SceneChangeEvent.swift */,
				C558EA2E3273CB2A1C4F8C26 /* SceneDescriptionEvent.swift */,
				FDB7027E00803661C4F439F2 /* ScreenChangeEvent.swift */,
				AE30BB6479FAE9604896B405 /* ScreenDescriptionEvent.swift */,
				0BC5CB87D6F0B0309C8894A9 /* ScreenFrameEvent.swift */,
				8FEB8E76E0759446EFD50742 /* SpeakChunkEvent.swift */,
				F01DB98C39543E07587402A1 /* TranscriptSegmentEvent.swift */,
				F98127909528A59B3EBABFD9 /* TurnEvent.swift */,
			);
			path = Events;
			sourceTree = "<group>";
		};
		89811AB7C011280EDA787521 /* BantiTests */ = {
			isa = PBXGroup;
			children = (
				4AAD7E67F99E2A0333D66D17 /* AXFocusActorTests.swift */,
				D95D7FC170590688B8DAA89C /* CameraFrameActorTests.swift */,
				F4D7C2AD03A01F0873BF5E4E /* CameraLatestFrameBufferTests.swift */,
				B03834A156D0AA2B2DC50B0B /* ClaudeVisionProviderTests.swift */,
				7731A91D114DA7FA1615CC67 /* CognitiveCoreActorTests.swift */,
				9BD7938B53B7B6E73741A722 /* ConfigActorTests.swift */,
				731DBD5F3A07177FECF52C41 /* ContextSnapshotActorTests.swift */,
				421A7D16D1EBBEB924F4E229 /* DeepgramParsingTests.swift */,
				D59989797E6EBBFC0CF35411 /* EventHubActorTests.swift */,
				7A6E18CE709CBAC1BBF7FABF /* EventLogViewModelTests.swift */,
				559FAD22030D2ECFCD745548 /* MemoryWriteBackActorTests.swift */,
				C49E18F66D7464B034E556F3 /* ModuleSupervisorActorTests.swift */,
				3B44A1126FA73A94DBF5DF0E /* PerceptionLogActorTests.swift */,
				9E4EB9A4705019035338F2C2 /* SceneChangeDetectionActorTests.swift */,
				EAD4B8C364EA5C4A1F0CB2B9 /* SceneDescriptionActorTests.swift */,
				5167163D28D550BE468A4D2C /* ScreenChangeDetectionActorTests.swift */,
				B1CA796F706D99188FDD9279 /* ScreenDescriptionActorTests.swift */,
				DC0AA8FF292C791F7E834BEB /* StateRegistryActorTests.swift */,
				E90B42354A4336C695DFC877 /* TranscriptProjectionActorTests.swift */,
				34B5DA8CA73D5EFB86037E61 /* TTSActorTests.swift */,
				53FC7A687A3A0B7E083D4CD3 /* TurnDetectorActorTests.swift */,
				A1C4138736FD814449A0DDF7 /* Helpers */,
			);
			path = BantiTests;
			sourceTree = "<group>";
		};
		8FCAF660501782B48648B98F /* Banti */ = {
			isa = PBXGroup;
			children = (
				AF1C8B04BDD355530465BB17 /* Banti.entitlements */,
				07A5232F659BAB269BF7D63C /* BantiApp.swift */,
				AF385C45F59FF8A8BD7E1C51 /* Info.plist */,
				ED9DC092F7575CB5BCDA91CA /* Config */,
				CF111AEB773FC75010AEEEB2 /* Core */,
				D33BC650CEE24862C26B1F4B /* Modules */,
				ED09E317743B18AEFA4FEA53 /* UI */,
			);
			path = Banti;
			sourceTree = "<group>";
		};
		A1C4138736FD814449A0DDF7 /* Helpers */ = {
			isa = PBXGroup;
			children = (
				786977FED980AA3953B4C902 /* MockFrameDifferencer.swift */,
				A6B9A7F74C631BB2A66D4D66 /* MockPerceptionModule.swift */,
				5FE863C9B278C7E560C1E58F /* MockScreenFrameDifferencer.swift */,
				286D3C4E4F8955B4F407463F /* MockVisionProvider.swift */,
				9B83E289D3AADF25670B1B8D /* TestRecorder.swift */,
			);
			path = Helpers;
			sourceTree = "<group>";
		};
		C01ED59DB1A997668CDAA07B /* Perception */ = {
			isa = PBXGroup;
			children = (
				04E758C85141E5FBBAE14845 /* Accessibility */,
				1E163985C5B8502BCF6DC9DD /* Camera */,
				4E904FCD47CCCF1B27EF352F /* Microphone */,
				2B7D545AF161A610430A0E17 /* Screen */,
			);
			path = Perception;
			sourceTree = "<group>";
		};
		CF111AEB773FC75010AEEEB2 /* Core */ = {
			isa = PBXGroup;
			children = (
				03835485E37E03DA196D1659 /* AudioRingBuffer.swift */,
				F43B02A7E9EE573D65014D4D /* BantiModule.swift */,
				61C57C3E475911F190FDBEC2 /* CameraLatestFrameBuffer.swift */,
				700A2EBA95A9DEFE0783BF9C /* CognitiveCoreActor.swift */,
				AA49C1D75630F20D1CA13EA8 /* ContextSnapshotActor.swift */,
				ABC1BEA213B7113BA74DC8A6 /* EventHubActor.swift */,
				6726D5D949181481CCA51E1F /* EventLoggerActor.swift */,
				A4EB33E4B693349BC716CD00 /* MemoryWriteBackActor.swift */,
				DE7C84911B649803DA6B062F /* ModuleSupervisorActor.swift */,
				27FA4FE960A78FDABE3B28C3 /* PerceptionEvent.swift */,
				EFABC13FD1DA2D0BF501D70D /* PerceptionLogActor.swift */,
				B2EAB862355E93FB5888F06E /* ScreenLatestFrameBuffer.swift */,
				36E000CF46FD9F55801192E4 /* StateRegistryActor.swift */,
				3E5F56ABE002FBD6CEFCDF6F /* TTSActor.swift */,
				3702A507014165869DC6D055 /* TurnDetectorActor.swift */,
				71C80B79F8548D794F3499FE /* Events */,
			);
			path = Core;
			sourceTree = "<group>";
		};
		D33BC650CEE24862C26B1F4B /* Modules */ = {
			isa = PBXGroup;
			children = (
				C01ED59DB1A997668CDAA07B /* Perception */,
			);
			path = Modules;
			sourceTree = "<group>";
		};
		ED09E317743B18AEFA4FEA53 /* UI */ = {
			isa = PBXGroup;
			children = (
				B0C8B55B456F08A735A37F0F /* EventLogEntry.swift */,
				60D6A874BDAB4A0C135F2233 /* EventLogView.swift */,
				77F3110C0511F98CF7D8BDE2 /* EventLogViewModel.swift */,
			);
			path = UI;
			sourceTree = "<group>";
		};
		ED9DC092F7575CB5BCDA91CA /* Config */ = {
			isa = PBXGroup;
			children = (
				3875E1430258F8FE36EA5C52 /* ConfigActor.swift */,
				168FA5F5D4BBBBC4654987A1 /* Environment.swift */,
			);
			path = Config;
			sourceTree = "<group>";
		};
/* End PBXGroup section */

/* Begin PBXNativeTarget section */
		60D4E5FB2642148C202908B6 /* Banti */ = {
			isa = PBXNativeTarget;
			buildConfigurationList = 365FD8636FEB2101D74D5EE0 /* Build configuration list for PBXNativeTarget "Banti" */;
			buildPhases = (
				6038CF273C38FF57C1939234 /* Sources */,
			);
			buildRules = (
			);
			dependencies = (
			);
			name = Banti;
			packageProductDependencies = (
			);
			productName = Banti;
			productReference = DC916A1BAE4C1951451BEF82 /* Banti.app */;
			productType = "com.apple.product-type.application";
		};
		ACF53F685CE28AA1B2F04C99 /* BantiTests */ = {
			isa = PBXNativeTarget;
			buildConfigurationList = 44CB5E43DCEA1DB90963AC95 /* Build configuration list for PBXNativeTarget "BantiTests" */;
			buildPhases = (
				8A7A82CD128DAE9063B795AD /* Sources */,
			);
			buildRules = (
			);
			dependencies = (
				230BC844B3A273C2690995B5 /* PBXTargetDependency */,
			);
			name = BantiTests;
			packageProductDependencies = (
			);
			productName = BantiTests;
			productReference = 637D4C47575CEAE1410E4D31 /* BantiTests.xctest */;
			productType = "com.apple.product-type.bundle.unit-test";
		};
/* End PBXNativeTarget section */

/* Begin PBXProject section */
		CA81A4E019AC4DDEC0518D3B /* Project object */ = {
			isa = PBXProject;
			attributes = {
				BuildIndependentTargetsInParallel = YES;
				LastUpgradeCheck = 1500;
				TargetAttributes = {
				};
			};
			buildConfigurationList = 23690186F2374AB6B901F250 /* Build configuration list for PBXProject "Banti" */;
			developmentRegion = en;
			hasScannedForEncodings = 0;
			knownRegions = (
				Base,
				en,
			);
			mainGroup = 6E8CA040CDEBFC86359E259C;
			minimizedProjectReferenceProxies = 1;
			preferredProjectObjectVersion = 77;
			productRefGroup = 525E3BAD6B165F1C8C791859 /* Products */;
			projectDirPath = "";
			projectRoot = "";
			targets = (
				60D4E5FB2642148C202908B6 /* Banti */,
				ACF53F685CE28AA1B2F04C99 /* BantiTests */,
			);
		};
/* End PBXProject section */

/* Begin PBXSourcesBuildPhase section */
		6038CF273C38FF57C1939234 /* Sources */ = {
			isa = PBXSourcesBuildPhase;
			buildActionMask = 2147483647;
			files = (
				7034803DB69889590DA98D1E /* AXEventBridge.swift in Sources */,
				914DD21EA5D1BB1C7F4D4D49 /* AXFocusActor.swift in Sources */,
				1E0E0070D3B76CDC06205756 /* AXFocusEvent.swift in Sources */,
				EEB170745A7923B1A775BFA4 /* ActiveAppActor.swift in Sources */,
				FB8C9BEEB24A864E16495BC5 /* ActiveAppEvent.swift in Sources */,
				EDDF50F11397BD837EB0BFFD /* AgentResponseEvent.swift in Sources */,
				63D2638DC97C505F744CDFC6 /* AudioFrameEvent.swift in Sources */,
				0CC6D3D986052CE2EB88181C /* AudioRingBuffer.swift in Sources */,
				C55985138258E88026B90693 /* BantiApp.swift in Sources */,
				5B9022A6DAF0D8DDDA01B484 /* BantiModule.swift in Sources */,
				4974A104780C275015A848FC /* CameraFrameActor.swift in Sources */,
				6E1767E76B5DEA612FF89545 /* CameraFrameEvent.swift in Sources */,
				EA3FEDE23F07D8B87EE8B731 /* CameraLatestFrameBuffer.swift in Sources */,
				4D0EB0FBC65D4CD8AE4A1E12 /* ClaudeVisionProvider.swift in Sources */,
				3E7850193DD34B0BE4C1450D /* CognitiveCoreActor.swift in Sources */,
				8A63AAFC48F079FBD15F40A2 /* ConfigActor.swift in Sources */,
				E0F0DDD03396662C644467E5 /* ContextSnapshotActor.swift in Sources */,
				E541B46D3B9578CDFE5E5A4C /* DeepgramStreamingActor.swift in Sources */,
				49725AD6DF735CA69CE0F481 /* Environment.swift in Sources */,
				DC4CF54255F06DFCE7368939 /* EventHubActor.swift in Sources */,
				C5A4CA6D7989074AB4F9A97D /* EventLogEntry.swift in Sources */,
				F25225D84EC9FC7DD17782A0 /* EventLogView.swift in Sources */,
				B2CD1C6CA28F56C373AB7189 /* EventLogViewModel.swift in Sources */,
				39BA40B5EAD8E8202D8FCDCA /* EventLoggerActor.swift in Sources */,
				A1F7619C7A4AA112DC5E9E43 /* FrameDifferencer.swift in Sources */,
				736C20B2AF65CD05F3F1A599 /* InterruptEvent.swift in Sources */,
				8FB048924620B2AE86A3F332 /* MemoryWriteBackActor.swift in Sources */,
				32D41898F2B2592CA0AFC21E /* MicrophoneCaptureActor.swift in Sources */,
				5F74B686C2DBB214FD615DE8 /* ModuleStatusEvent.swift in Sources */,
				0116B4A85E4A5E34794F131A /* ModuleSupervisorActor.swift in Sources */,
				B88977CC8414AD0014A55966 /* PerceptionEvent.swift in Sources */,
				B0C5BFB93DF98B9C691F4B4A /* PerceptionLogActor.swift in Sources */,
				16776A30DF1530F1EC2EC696 /* RawTranscriptEvent.swift in Sources */,
				D8DF30E090A24E8BBA26A878 /* SceneChangeDetectionActor.swift in Sources */,
				C9C4B28C13ED74B52A6C59BE /* SceneChangeEvent.swift in Sources */,
				5C99F5AE9183AA62F463E769 /* SceneDescriptionActor.swift in Sources */,
				21D8589C4AEEDF30C5BFAA5F /* SceneDescriptionEvent.swift in Sources */,
				AB04C1FF4C8E78984B69A213 /* ScreenCaptureActor.swift in Sources */,
				BD2D595762C21F17D78CEEC4 /* ScreenChangeDetectionActor.swift in Sources */,
				12653712CABF7A8B87C51C6C /* ScreenChangeEvent.swift in Sources */,
				AF162F12BEF2D8258D0CA042 /* ScreenDescriptionActor.swift in Sources */,
				61E218F7A69F09EDAAE2223C /* ScreenDescriptionEvent.swift in Sources */,
				EAFAD0EB7150048F1865FF68 /* ScreenFrameDifferencer.swift in Sources */,
				20F305D4B6EB3C5949927D99 /* ScreenFrameEvent.swift in Sources */,
				406343F3BB034AEFB5A2A9A2 /* ScreenLatestFrameBuffer.swift in Sources */,
				706307043149DF4E4A1AECD9 /* SpeakChunkEvent.swift in Sources */,
				5A5BF4464FED5939D4622A71 /* StateRegistryActor.swift in Sources */,
				50CD1624026C279CB6919667 /* TTSActor.swift in Sources */,
				2C38E4D9CFA93B0577181FB7 /* TranscriptProjectionActor.swift in Sources */,
				BE278D1526BF8DD19C53CF77 /* TranscriptSegmentEvent.swift in Sources */,
				81E12D4114C1290F287454D1 /* TurnDetectorActor.swift in Sources */,
				1C4086DC9C75D099C265107C /* TurnEvent.swift in Sources */,
				34C2A8119D4FCF9675FAB7DD /* VisionProvider.swift in Sources */,
			);
			runOnlyForDeploymentPostprocessing = 0;
		};
		8A7A82CD128DAE9063B795AD /* Sources */ = {
			isa = PBXSourcesBuildPhase;
			buildActionMask = 2147483647;
			files = (
				EE10FB98B83B296A40576220 /* AXFocusActorTests.swift in Sources */,
				716A34CD91A03821A3E7F4D1 /* CameraFrameActorTests.swift in Sources */,
				2E3CE7A405E7BEACAABFEEE0 /* CameraLatestFrameBufferTests.swift in Sources */,
				86D29C9F642186F95AF93B9A /* ClaudeVisionProviderTests.swift in Sources */,
				9429620D13ABE5B1626406DD /* CognitiveCoreActorTests.swift in Sources */,
				A0C5595C99E8F714511907BC /* ConfigActorTests.swift in Sources */,
				A28B9533D680A58F2BE1BE4B /* ContextSnapshotActorTests.swift in Sources */,
				05921957817FAB229F388097 /* DeepgramParsingTests.swift in Sources */,
				87192CC8452BC41457542D70 /* EventHubActorTests.swift in Sources */,
				30C2DC0382579E2545E61346 /* EventLogViewModelTests.swift in Sources */,
				969970C37CCEEC8C9DC08F42 /* MemoryWriteBackActorTests.swift in Sources */,
				18D61035558A44D4B2B6D034 /* MockFrameDifferencer.swift in Sources */,
				13AC4A829C8A428BD2F2E84D /* MockPerceptionModule.swift in Sources */,
				E6CF9D36D36B7C2E7CF31147 /* MockScreenFrameDifferencer.swift in Sources */,
				811A02F0BF1449BAEB492F4F /* MockVisionProvider.swift in Sources */,
				26059399C43305A9080890C7 /* ModuleSupervisorActorTests.swift in Sources */,
				51C4F4E90A30812865E49C57 /* PerceptionLogActorTests.swift in Sources */,
				274D4896FD4E44BE75EFB12F /* SceneChangeDetectionActorTests.swift in Sources */,
				168DEB9EB0CFFAF1627A5BF2 /* SceneDescriptionActorTests.swift in Sources */,
				060EC984E1C91CD9961BF752 /* ScreenChangeDetectionActorTests.swift in Sources */,
				5B681E87641F26FF14103B3B /* ScreenDescriptionActorTests.swift in Sources */,
				5035974F97216606123E6743 /* StateRegistryActorTests.swift in Sources */,
				E7CBA6D07688984C30C095C2 /* TTSActorTests.swift in Sources */,
				5A7A7E6AA5E7F7210D806B29 /* TestRecorder.swift in Sources */,
				A9E47F46030D9279CA94BFD7 /* TranscriptProjectionActorTests.swift in Sources */,
				E7105CF84D666F0CBD5AAEAB /* TurnDetectorActorTests.swift in Sources */,
			);
			runOnlyForDeploymentPostprocessing = 0;
		};
/* End PBXSourcesBuildPhase section */

/* Begin PBXTargetDependency section */
		230BC844B3A273C2690995B5 /* PBXTargetDependency */ = {
			isa = PBXTargetDependency;
			target = 60D4E5FB2642148C202908B6 /* Banti */;
			targetProxy = D044E710A8D36E87933C2530 /* PBXContainerItemProxy */;
		};
/* End PBXTargetDependency section */

/* Begin XCBuildConfiguration section */
		5D34E36292F7A9EA856C9901 /* Debug */ = {
			isa = XCBuildConfiguration;
			buildSettings = {
				ASSETCATALOG_COMPILER_APPICON_NAME = AppIcon;
				CODE_SIGN_ENTITLEMENTS = Banti/Banti.entitlements;
				COMBINE_HIDPI_IMAGES = YES;
				INFOPLIST_FILE = Banti/Info.plist;
				LD_RUNPATH_SEARCH_PATHS = (
					"$(inherited)",
					"@executable_path/../Frameworks",
				);
				PRODUCT_BUNDLE_IDENTIFIER = com.banti.Banti;
				SDKROOT = macosx;
			};
			name = Debug;
		};
		77E631B5A9D9DFB589D69630 /* Release */ = {
			isa = XCBuildConfiguration;
			buildSettings = {
				BUNDLE_LOADER = "$(TEST_HOST)";
				COMBINE_HIDPI_IMAGES = YES;
				GENERATE_INFOPLIST_FILE = YES;
				LD_RUNPATH_SEARCH_PATHS = (
					"$(inherited)",
					"@executable_path/../Frameworks",
					"@loader_path/../Frameworks",
				);
				PRODUCT_BUNDLE_IDENTIFIER = com.banti.BantiTests;
				SDKROOT = macosx;
				TEST_HOST = "$(BUILT_PRODUCTS_DIR)/Banti.app/Contents/MacOS/Banti";
			};
			name = Release;
		};
		8F3DB4973BA10E1997D0333B /* Release */ = {
			isa = XCBuildConfiguration;
			buildSettings = {
				ALWAYS_SEARCH_USER_PATHS = NO;
				CLANG_ANALYZER_NONNULL = YES;
				CLANG_ANALYZER_NUMBER_OBJECT_CONVERSION = YES_AGGRESSIVE;
				CLANG_CXX_LANGUAGE_STANDARD = "gnu++14";
				CLANG_CXX_LIBRARY = "libc++";
				CLANG_ENABLE_MODULES = YES;
				CLANG_ENABLE_OBJC_ARC = YES;
				CLANG_ENABLE_OBJC_WEAK = YES;
				CLANG_WARN_BLOCK_CAPTURE_AUTORELEASING = YES;
				CLANG_WARN_BOOL_CONVERSION = YES;
				CLANG_WARN_COMMA = YES;
				CLANG_WARN_CONSTANT_CONVERSION = YES;
				CLANG_WARN_DEPRECATED_OBJC_IMPLEMENTATIONS = YES;
				CLANG_WARN_DIRECT_OBJC_ISA_USAGE = YES_ERROR;
				CLANG_WARN_DOCUMENTATION_COMMENTS = YES;
				CLANG_WARN_EMPTY_BODY = YES;
				CLANG_WARN_ENUM_CONVERSION = YES;
				CLANG_WARN_INFINITE_RECURSION = YES;
				CLANG_WARN_INT_CONVERSION = YES;
				CLANG_WARN_NON_LITERAL_NULL_CONVERSION = YES;
				CLANG_WARN_OBJC_IMPLICIT_RETAIN_SELF = YES;
				CLANG_WARN_OBJC_LITERAL_CONVERSION = YES;
				CLANG_WARN_OBJC_ROOT_CLASS = YES_ERROR;
				CLANG_WARN_QUOTED_INCLUDE_IN_FRAMEWORK_HEADER = YES;
				CLANG_WARN_RANGE_LOOP_ANALYSIS = YES;
				CLANG_WARN_STRICT_PROTOTYPES = YES;
				CLANG_WARN_SUSPICIOUS_MOVE = YES;
				CLANG_WARN_UNGUARDED_AVAILABILITY = YES_AGGRESSIVE;
				CLANG_WARN_UNREACHABLE_CODE = YES;
				CLANG_WARN__DUPLICATE_METHOD_MATCH = YES;
				COPY_PHASE_STRIP = NO;
				DEBUG_INFORMATION_FORMAT = "dwarf-with-dsym";
				ENABLE_NS_ASSERTIONS = NO;
				ENABLE_STRICT_OBJC_MSGSEND = YES;
				GCC_C_LANGUAGE_STANDARD = gnu11;
				GCC_NO_COMMON_BLOCKS = YES;
				GCC_WARN_64_TO_32_BIT_CONVERSION = YES;
				GCC_WARN_ABOUT_RETURN_TYPE = YES_ERROR;
				GCC_WARN_UNDECLARED_SELECTOR = YES;
				GCC_WARN_UNINITIALIZED_AUTOS = YES_AGGRESSIVE;
				GCC_WARN_UNUSED_FUNCTION = YES;
				GCC_WARN_UNUSED_VARIABLE = YES;
				MACOSX_DEPLOYMENT_TARGET = 14.0;
				MTL_ENABLE_DEBUG_INFO = NO;
				MTL_FAST_MATH = YES;
				PRODUCT_NAME = "$(TARGET_NAME)";
				SDKROOT = macosx;
				SWIFT_COMPILATION_MODE = wholemodule;
				SWIFT_OPTIMIZATION_LEVEL = "-O";
				SWIFT_STRICT_CONCURRENCY = complete;
				SWIFT_VERSION = 5.9;
			};
			name = Release;
		};
		C3A7B25B7755C89221C29803 /* Debug */ = {
			isa = XCBuildConfiguration;
			buildSettings = {
				ALWAYS_SEARCH_USER_PATHS = NO;
				CLANG_ANALYZER_NONNULL = YES;
				CLANG_ANALYZER_NUMBER_OBJECT_CONVERSION = YES_AGGRESSIVE;
				CLANG_CXX_LANGUAGE_STANDARD = "gnu++14";
				CLANG_CXX_LIBRARY = "libc++";
				CLANG_ENABLE_MODULES = YES;
				CLANG_ENABLE_OBJC_ARC = YES;
				CLANG_ENABLE_OBJC_WEAK = YES;
				CLANG_WARN_BLOCK_CAPTURE_AUTORELEASING = YES;
				CLANG_WARN_BOOL_CONVERSION = YES;
				CLANG_WARN_COMMA = YES;
				CLANG_WARN_CONSTANT_CONVERSION = YES;
				CLANG_WARN_DEPRECATED_OBJC_IMPLEMENTATIONS = YES;
				CLANG_WARN_DIRECT_OBJC_ISA_USAGE = YES_ERROR;
				CLANG_WARN_DOCUMENTATION_COMMENTS = YES;
				CLANG_WARN_EMPTY_BODY = YES;
				CLANG_WARN_ENUM_CONVERSION = YES;
				CLANG_WARN_INFINITE_RECURSION = YES;
				CLANG_WARN_INT_CONVERSION = YES;
				CLANG_WARN_NON_LITERAL_NULL_CONVERSION = YES;
				CLANG_WARN_OBJC_IMPLICIT_RETAIN_SELF = YES;
				CLANG_WARN_OBJC_LITERAL_CONVERSION = YES;
				CLANG_WARN_OBJC_ROOT_CLASS = YES_ERROR;
				CLANG_WARN_QUOTED_INCLUDE_IN_FRAMEWORK_HEADER = YES;
				CLANG_WARN_RANGE_LOOP_ANALYSIS = YES;
				CLANG_WARN_STRICT_PROTOTYPES = YES;
				CLANG_WARN_SUSPICIOUS_MOVE = YES;
				CLANG_WARN_UNGUARDED_AVAILABILITY = YES_AGGRESSIVE;
				CLANG_WARN_UNREACHABLE_CODE = YES;
				CLANG_WARN__DUPLICATE_METHOD_MATCH = YES;
				COPY_PHASE_STRIP = NO;
				DEBUG_INFORMATION_FORMAT = dwarf;
				ENABLE_STRICT_OBJC_MSGSEND = YES;
				ENABLE_TESTABILITY = YES;
				GCC_C_LANGUAGE_STANDARD = gnu11;
				GCC_DYNAMIC_NO_PIC = NO;
				GCC_NO_COMMON_BLOCKS = YES;
				GCC_OPTIMIZATION_LEVEL = 0;
				GCC_PREPROCESSOR_DEFINITIONS = (
					"$(inherited)",
					"DEBUG=1",
				);
				GCC_WARN_64_TO_32_BIT_CONVERSION = YES;
				GCC_WARN_ABOUT_RETURN_TYPE = YES_ERROR;
				GCC_WARN_UNDECLARED_SELECTOR = YES;
				GCC_WARN_UNINITIALIZED_AUTOS = YES_AGGRESSIVE;
				GCC_WARN_UNUSED_FUNCTION = YES;
				GCC_WARN_UNUSED_VARIABLE = YES;
				MACOSX_DEPLOYMENT_TARGET = 14.0;
				MTL_ENABLE_DEBUG_INFO = INCLUDE_SOURCE;
				MTL_FAST_MATH = YES;
				ONLY_ACTIVE_ARCH = YES;
				PRODUCT_NAME = "$(TARGET_NAME)";
				SDKROOT = macosx;
				SWIFT_ACTIVE_COMPILATION_CONDITIONS = DEBUG;
				SWIFT_OPTIMIZATION_LEVEL = "-Onone";
				SWIFT_STRICT_CONCURRENCY = complete;
				SWIFT_VERSION = 5.9;
			};
			name = Debug;
		};
		C9DE931CD431523D6AF2BA47 /* Release */ = {
			isa = XCBuildConfiguration;
			buildSettings = {
				ASSETCATALOG_COMPILER_APPICON_NAME = AppIcon;
				CODE_SIGN_ENTITLEMENTS = Banti/Banti.entitlements;
				COMBINE_HIDPI_IMAGES = YES;
				INFOPLIST_FILE = Banti/Info.plist;
				LD_RUNPATH_SEARCH_PATHS = (
					"$(inherited)",
					"@executable_path/../Frameworks",
				);
				PRODUCT_BUNDLE_IDENTIFIER = com.banti.Banti;
				SDKROOT = macosx;
			};
			name = Release;
		};
		D2A25F3314EB04BD2C4B6D4A /* Debug */ = {
			isa = XCBuildConfiguration;
			buildSettings = {
				BUNDLE_LOADER = "$(TEST_HOST)";
				COMBINE_HIDPI_IMAGES = YES;
				GENERATE_INFOPLIST_FILE = YES;
				LD_RUNPATH_SEARCH_PATHS = (
					"$(inherited)",
					"@executable_path/../Frameworks",
					"@loader_path/../Frameworks",
				);
				PRODUCT_BUNDLE_IDENTIFIER = com.banti.BantiTests;
				SDKROOT = macosx;
				TEST_HOST = "$(BUILT_PRODUCTS_DIR)/Banti.app/Contents/MacOS/Banti";
			};
			name = Debug;
		};
/* End XCBuildConfiguration section */

/* Begin XCConfigurationList section */
		23690186F2374AB6B901F250 /* Build configuration list for PBXProject "Banti" */ = {
			isa = XCConfigurationList;
			buildConfigurations = (
				C3A7B25B7755C89221C29803 /* Debug */,
				8F3DB4973BA10E1997D0333B /* Release */,
			);
			defaultConfigurationIsVisible = 0;
			defaultConfigurationName = Debug;
		};
		365FD8636FEB2101D74D5EE0 /* Build configuration list for PBXNativeTarget "Banti" */ = {
			isa = XCConfigurationList;
			buildConfigurations = (
				5D34E36292F7A9EA856C9901 /* Debug */,
				C9DE931CD431523D6AF2BA47 /* Release */,
			);
			defaultConfigurationIsVisible = 0;
			defaultConfigurationName = Debug;
		};
		44CB5E43DCEA1DB90963AC95 /* Build configuration list for PBXNativeTarget "BantiTests" */ = {
			isa = XCConfigurationList;
			buildConfigurations = (
				D2A25F3314EB04BD2C4B6D4A /* Debug */,
				77E631B5A9D9DFB589D69630 /* Release */,
			);
			defaultConfigurationIsVisible = 0;
			defaultConfigurationName = Debug;
		};
/* End XCConfigurationList section */
	};
	rootObject = CA81A4E019AC4DDEC0518D3B /* Project object */;
}
