// !$*UTF8*$!
{
	archiveVersion = 1;
	classes = {
	};
	objectVersion = 77;
	objects = {

/* Begin PBXBuildFile section */
		0116B4A85E4A5E34794F131A /* ModuleSupervisorActor.swift in Sources */ = {isa = PBXBuildFile; fileRef = DE7C84911B649803DA6B062F /* ModuleSupervisorActor.swift */; };
		0498E2A12AC3CBD3EB2743F9 /* VisionProvider.swift in Sources */ = {isa = PBXBuildFile; fileRef = 8B9CD568A828DDF7FFCB465E /* VisionProvider.swift */; };
		05921957817FAB229F388097 /* DeepgramParsingTests.swift in Sources */ = {isa = PBXBuildFile; fileRef = 421A7D16D1EBBEB924F4E229 /* DeepgramParsingTests.swift */; };
		0CC6D3D986052CE2EB88181C /* AudioRingBuffer.swift in Sources */ = {isa = PBXBuildFile; fileRef = 03835485E37E03DA196D1659 /* AudioRingBuffer.swift */; };
		123B05F76B2854A2E46600D2 /* MockVisionProvider.swift in Sources */ = {isa = PBXBuildFile; fileRef = 291E8308FA354B58655DE1E0 /* MockVisionProvider.swift */; };
		13AC4A829C8A428BD2F2E84D /* MockPerceptionModule.swift in Sources */ = {isa = PBXBuildFile; fileRef = A6B9A7F74C631BB2A66D4D66 /* MockPerceptionModule.swift */; };
		16776A30DF1530F1EC2EC696 /* RawTranscriptEvent.swift in Sources */ = {isa = PBXBuildFile; fileRef = 8BC9FD0C909B82FFC37776F4 /* RawTranscriptEvent.swift */; };

		AA00000000000000000000A1 /* EventLogEntry.swift in Sources */ = {isa = PBXBuildFile; fileRef = AA00000000000000000000B1 /* EventLogEntry.swift */; };
		AA00000000000000000000A3 /* EventLogViewModel.swift in Sources */ = {isa = PBXBuildFile; fileRef = AA00000000000000000000B3 /* EventLogViewModel.swift */; };
		AA00000000000000000000A4 /* EventLogView.swift in Sources */ = {isa = PBXBuildFile; fileRef = AA00000000000000000000B4 /* EventLogView.swift */; };
		22BEE8AF2932BFB1F467192E /* CameraLatestFrameBufferTests.swift in Sources */ = {isa = PBXBuildFile; fileRef = CEA6EF182C29F059A4895C79 /* CameraLatestFrameBufferTests.swift */; };
		26059399C43305A9080890C7 /* ModuleSupervisorActorTests.swift in Sources */ = {isa = PBXBuildFile; fileRef = C49E18F66D7464B034E556F3 /* ModuleSupervisorActorTests.swift */; };
		2C38E4D9CFA93B0577181FB7 /* TranscriptProjectionActor.swift in Sources */ = {isa = PBXBuildFile; fileRef = 97241A3C384AE2666045545C /* TranscriptProjectionActor.swift */; };
		2DF9B44B116C102396E6F4CD /* CameraLatestFrameBuffer.swift in Sources */ = {isa = PBXBuildFile; fileRef = C77D57CECB17053FE847E1DE /* CameraLatestFrameBuffer.swift */; };
		32D41898F2B2592CA0AFC21E /* MicrophoneCaptureActor.swift in Sources */ = {isa = PBXBuildFile; fileRef = 1A3B55E561509BA7F23CC609 /* MicrophoneCaptureActor.swift */; };
		49725AD6DF735CA69CE0F481 /* Environment.swift in Sources */ = {isa = PBXBuildFile; fileRef = 168FA5F5D4BBBBC4654987A1 /* Environment.swift */; };
		4CEFEE9F801D61EA0C5EB2C7 /* SceneDescriptionEvent.swift in Sources */ = {isa = PBXBuildFile; fileRef = 985C33481F5491E7DA5B5C4E /* SceneDescriptionEvent.swift */; };
		5035974F97216606123E6743 /* StateRegistryActorTests.swift in Sources */ = {isa = PBXBuildFile; fileRef = DC0AA8FF292C791F7E834BEB /* StateRegistryActorTests.swift */; };

		5A5BF4464FED5939D4622A71 /* StateRegistryActor.swift in Sources */ = {isa = PBXBuildFile; fileRef = 36E000CF46FD9F55801192E4 /* StateRegistryActor.swift */; };
		5A7A7E6AA5E7F7210D806B29 /* TestRecorder.swift in Sources */ = {isa = PBXBuildFile; fileRef = 9B83E289D3AADF25670B1B8D /* TestRecorder.swift */; };
		5B9022A6DAF0D8DDDA01B484 /* BantiModule.swift in Sources */ = {isa = PBXBuildFile; fileRef = F43B02A7E9EE573D65014D4D /* BantiModule.swift */; };
		5F74B686C2DBB214FD615DE8 /* ModuleStatusEvent.swift in Sources */ = {isa = PBXBuildFile; fileRef = 256C24808236AB6EB630838D /* ModuleStatusEvent.swift */; };
		63D2638DC97C505F744CDFC6 /* AudioFrameEvent.swift in Sources */ = {isa = PBXBuildFile; fileRef = DFD1FA1A1D1265444177044B /* AudioFrameEvent.swift */; };
		67C47B2F7CA0BD797D192FCD /* CameraFrameActorTests.swift in Sources */ = {isa = PBXBuildFile; fileRef = 48C9179D9E4D60085741EEF8 /* CameraFrameActorTests.swift */; };
		7EBDAA36BEB59F7C103EA064 /* CameraFrameActor.swift in Sources */ = {isa = PBXBuildFile; fileRef = D60D84126027B0503C76FF09 /* CameraFrameActor.swift */; };
		87192CC8452BC41457542D70 /* EventHubActorTests.swift in Sources */ = {isa = PBXBuildFile; fileRef = D59989797E6EBBFC0CF35411 /* EventHubActorTests.swift */; };
		8A63AAFC48F079FBD15F40A2 /* ConfigActor.swift in Sources */ = {isa = PBXBuildFile; fileRef = 3875E1430258F8FE36EA5C52 /* ConfigActor.swift */; };
		A0C5595C99E8F714511907BC /* ConfigActorTests.swift in Sources */ = {isa = PBXBuildFile; fileRef = 9BD7938B53B7B6E73741A722 /* ConfigActorTests.swift */; };
		A9E47F46030D9279CA94BFD7 /* TranscriptProjectionActorTests.swift in Sources */ = {isa = PBXBuildFile; fileRef = E90B42354A4336C695DFC877 /* TranscriptProjectionActorTests.swift */; };
		AA00000000000000000000A2 /* EventLogViewModelTests.swift in Sources */ = {isa = PBXBuildFile; fileRef = AA00000000000000000000B2 /* EventLogViewModelTests.swift */; };
		ABF33C207DDBDF6412B11A55 /* CameraFrameEvent.swift in Sources */ = {isa = PBXBuildFile; fileRef = 97A14A3D15A6456186008FAE /* CameraFrameEvent.swift */; };
		B88977CC8414AD0014A55966 /* PerceptionEvent.swift in Sources */ = {isa = PBXBuildFile; fileRef = 27FA4FE960A78FDABE3B28C3 /* PerceptionEvent.swift */; };
		BE278D1526BF8DD19C53CF77 /* TranscriptSegmentEvent.swift in Sources */ = {isa = PBXBuildFile; fileRef = F01DB98C39543E07587402A1 /* TranscriptSegmentEvent.swift */; };
		C55985138258E88026B90693 /* BantiApp.swift in Sources */ = {isa = PBXBuildFile; fileRef = 07A5232F659BAB269BF7D63C /* BantiApp.swift */; };
		C9A8761EEC27AA7C6B83B7AD /* ClaudeVisionProvider.swift in Sources */ = {isa = PBXBuildFile; fileRef = F32934994EFA9CB38D03C676 /* ClaudeVisionProvider.swift */; };
		B403AFB1548B41248A2730C6 /* EventLoggerActor.swift in Sources */ = {isa = PBXBuildFile; fileRef = D90720EB6D024EE78C5BE52F /* EventLoggerActor.swift */; };
		DC4CF54255F06DFCE7368939 /* EventHubActor.swift in Sources */ = {isa = PBXBuildFile; fileRef = ABC1BEA213B7113BA74DC8A6 /* EventHubActor.swift */; };
		E541B46D3B9578CDFE5E5A4C /* DeepgramStreamingActor.swift in Sources */ = {isa = PBXBuildFile; fileRef = A3F20B78389B9959D613AA9D /* DeepgramStreamingActor.swift */; };
		F5F9568CFC31AAA9875A1174 /* ClaudeVisionProviderTests.swift in Sources */ = {isa = PBXBuildFile; fileRef = 19E962EC804A109398225489 /* ClaudeVisionProviderTests.swift */; };
		A1B2C3D4E5F601234567890A /* SceneDescriptionActor.swift in Sources */ = {isa = PBXBuildFile; fileRef = A1B2C3D4E5F601234567890B /* SceneDescriptionActor.swift */; };
		A1B2C3D4E5F601234567890C /* SceneDescriptionActorTests.swift in Sources */ = {isa = PBXBuildFile; fileRef = A1B2C3D4E5F601234567890D /* SceneDescriptionActorTests.swift */; };
		AX0000000000000000000011 /* AXFocusEvent.swift in Sources */ = {isa = PBXBuildFile; fileRef = AX0000000000000000000001 /* AXFocusEvent.swift */; };
		AX0000000000000000000012 /* AXEventBridge.swift in Sources */ = {isa = PBXBuildFile; fileRef = AX0000000000000000000002 /* AXEventBridge.swift */; };
		AX0000000000000000000013 /* AXFocusActor.swift in Sources */ = {isa = PBXBuildFile; fileRef = AX0000000000000000000003 /* AXFocusActor.swift */; };
		AX0000000000000000000014 /* AXFocusActorTests.swift in Sources */ = {isa = PBXBuildFile; fileRef = AX0000000000000000000004 /* AXFocusActorTests.swift */; };
		SC0000000000000000000011 /* ActiveAppEvent.swift in Sources */ = {isa = PBXBuildFile; fileRef = SC0000000000000000000001 /* ActiveAppEvent.swift */; };
		SC0000000000000000000012 /* ScreenFrameEvent.swift in Sources */ = {isa = PBXBuildFile; fileRef = SC0000000000000000000002 /* ScreenFrameEvent.swift */; };
		SC0000000000000000000013 /* ScreenDescriptionEvent.swift in Sources */ = {isa = PBXBuildFile; fileRef = SC0000000000000000000003 /* ScreenDescriptionEvent.swift */; };
		SC0000000000000000000014 /* ScreenLatestFrameBuffer.swift in Sources */ = {isa = PBXBuildFile; fileRef = SC0000000000000000000004 /* ScreenLatestFrameBuffer.swift */; };
		SC0000000000000000000015 /* ActiveAppActor.swift in Sources */ = {isa = PBXBuildFile; fileRef = SC0000000000000000000005 /* ActiveAppActor.swift */; };
		SC0000000000000000000016 /* ScreenCaptureActor.swift in Sources */ = {isa = PBXBuildFile; fileRef = SC0000000000000000000006 /* ScreenCaptureActor.swift */; };
		SC0000000000000000000017 /* ScreenDescriptionActor.swift in Sources */ = {isa = PBXBuildFile; fileRef = SC0000000000000000000007 /* ScreenDescriptionActor.swift */; };
/* End PBXBuildFile section */

/* Begin PBXContainerItemProxy section */
		D044E710A8D36E87933C2530 /* PBXContainerItemProxy */ = {
			isa = PBXContainerItemProxy;
			containerPortal = CA81A4E019AC4DDEC0518D3B /* Project object */;
			proxyType = 1;
			remoteGlobalIDString = 60D4E5FB2642148C202908B6;
			remoteInfo = Banti;
		};
/* End PBXContainerItemProxy section */

/* Begin PBXFileReference section */
		03835485E37E03DA196D1659 /* AudioRingBuffer.swift */ = {isa = PBXFileReference; lastKnownFileType = sourcecode.swift; path = AudioRingBuffer.swift; sourceTree = "<group>"; };
		07A5232F659BAB269BF7D63C /* BantiApp.swift */ = {isa = PBXFileReference; lastKnownFileType = sourcecode.swift; path = BantiApp.swift; sourceTree = "<group>"; };
		168FA5F5D4BBBBC4654987A1 /* Environment.swift */ = {isa = PBXFileReference; lastKnownFileType = sourcecode.swift; path = Environment.swift; sourceTree = "<group>"; };
		19E962EC804A109398225489 /* ClaudeVisionProviderTests.swift */ = {isa = PBXFileReference; includeInIndex = 1; lastKnownFileType = sourcecode.swift; path = ClaudeVisionProviderTests.swift; sourceTree = "<group>"; };
		1A3B55E561509BA7F23CC609 /* MicrophoneCaptureActor.swift */ = {isa = PBXFileReference; lastKnownFileType = sourcecode.swift; path = MicrophoneCaptureActor.swift; sourceTree = "<group>"; };
		256C24808236AB6EB630838D /* ModuleStatusEvent.swift */ = {isa = PBXFileReference; lastKnownFileType = sourcecode.swift; path = ModuleStatusEvent.swift; sourceTree = "<group>"; };
		27FA4FE960A78FDABE3B28C3 /* PerceptionEvent.swift */ = {isa = PBXFileReference; lastKnownFileType = sourcecode.swift; path = PerceptionEvent.swift; sourceTree = "<group>"; };
		291E8308FA354B58655DE1E0 /* MockVisionProvider.swift */ = {isa = PBXFileReference; includeInIndex = 1; lastKnownFileType = sourcecode.swift; path = MockVisionProvider.swift; sourceTree = "<group>"; };
		36E000CF46FD9F55801192E4 /* StateRegistryActor.swift */ = {isa = PBXFileReference; lastKnownFileType = sourcecode.swift; path = StateRegistryActor.swift; sourceTree = "<group>"; };
		3875E1430258F8FE36EA5C52 /* ConfigActor.swift */ = {isa = PBXFileReference; lastKnownFileType = sourcecode.swift; path = ConfigActor.swift; sourceTree = "<group>"; };
		421A7D16D1EBBEB924F4E229 /* DeepgramParsingTests.swift */ = {isa = PBXFileReference; lastKnownFileType = sourcecode.swift; path = DeepgramParsingTests.swift; sourceTree = "<group>"; };
		48C9179D9E4D60085741EEF8 /* CameraFrameActorTests.swift */ = {isa = PBXFileReference; includeInIndex = 1; lastKnownFileType = sourcecode.swift; path = CameraFrameActorTests.swift; sourceTree = "<group>"; };
		AA00000000000000000000B1 /* EventLogEntry.swift */ = {isa = PBXFileReference; lastKnownFileType = sourcecode.swift; path = EventLogEntry.swift; sourceTree = "<group>"; };
		AA00000000000000000000B3 /* EventLogViewModel.swift */ = {isa = PBXFileReference; lastKnownFileType = sourcecode.swift; path = EventLogViewModel.swift; sourceTree = "<group>"; };
		AA00000000000000000000B4 /* EventLogView.swift */ = {isa = PBXFileReference; lastKnownFileType = sourcecode.swift; path = EventLogView.swift; sourceTree = "<group>"; };
		637D4C47575CEAE1410E4D31 /* BantiTests.xctest */ = {isa = PBXFileReference; explicitFileType = wrapper.cfbundle; includeInIndex = 0; path = BantiTests.xctest; sourceTree = BUILT_PRODUCTS_DIR; };
		8B9CD568A828DDF7FFCB465E /* VisionProvider.swift */ = {isa = PBXFileReference; includeInIndex = 1; lastKnownFileType = sourcecode.swift; path = VisionProvider.swift; sourceTree = "<group>"; };
		8BC9FD0C909B82FFC37776F4 /* RawTranscriptEvent.swift */ = {isa = PBXFileReference; lastKnownFileType = sourcecode.swift; path = RawTranscriptEvent.swift; sourceTree = "<group>"; };
		97241A3C384AE2666045545C /* TranscriptProjectionActor.swift */ = {isa = PBXFileReference; lastKnownFileType = sourcecode.swift; path = TranscriptProjectionActor.swift; sourceTree = "<group>"; };
		97A14A3D15A6456186008FAE /* CameraFrameEvent.swift */ = {isa = PBXFileReference; includeInIndex = 1; lastKnownFileType = sourcecode.swift; path = CameraFrameEvent.swift; sourceTree = "<group>"; };
		985C33481F5491E7DA5B5C4E /* SceneDescriptionEvent.swift */ = {isa = PBXFileReference; includeInIndex = 1; lastKnownFileType = sourcecode.swift; path = SceneDescriptionEvent.swift; sourceTree = "<group>"; };
		9B83E289D3AADF25670B1B8D /* TestRecorder.swift */ = {isa = PBXFileReference; lastKnownFileType = sourcecode.swift; path = TestRecorder.swift; sourceTree = "<group>"; };
		9BD7938B53B7B6E73741A722 /* ConfigActorTests.swift */ = {isa = PBXFileReference; lastKnownFileType = sourcecode.swift; path = ConfigActorTests.swift; sourceTree = "<group>"; };
		A3F20B78389B9959D613AA9D /* DeepgramStreamingActor.swift */ = {isa = PBXFileReference; lastKnownFileType = sourcecode.swift; path = DeepgramStreamingActor.swift; sourceTree = "<group>"; };
		A6B9A7F74C631BB2A66D4D66 /* MockPerceptionModule.swift */ = {isa = PBXFileReference; lastKnownFileType = sourcecode.swift; path = MockPerceptionModule.swift; sourceTree = "<group>"; };
		D90720EB6D024EE78C5BE52F /* EventLoggerActor.swift */ = {isa = PBXFileReference; lastKnownFileType = sourcecode.swift; path = EventLoggerActor.swift; sourceTree = "<group>"; };
		ABC1BEA213B7113BA74DC8A6 /* EventHubActor.swift */ = {isa = PBXFileReference; lastKnownFileType = sourcecode.swift; path = EventHubActor.swift; sourceTree = "<group>"; };
		AF1C8B04BDD355530465BB17 /* Banti.entitlements */ = {isa = PBXFileReference; lastKnownFileType = text.plist.entitlements; path = Banti.entitlements; sourceTree = "<group>"; };
		AF385C45F59FF8A8BD7E1C51 /* Info.plist */ = {isa = PBXFileReference; lastKnownFileType = text.plist; path = Info.plist; sourceTree = "<group>"; };
		C49E18F66D7464B034E556F3 /* ModuleSupervisorActorTests.swift */ = {isa = PBXFileReference; lastKnownFileType = sourcecode.swift; path = ModuleSupervisorActorTests.swift; sourceTree = "<group>"; };
		C77D57CECB17053FE847E1DE /* CameraLatestFrameBuffer.swift */ = {isa = PBXFileReference; includeInIndex = 1; lastKnownFileType = sourcecode.swift; path = CameraLatestFrameBuffer.swift; sourceTree = "<group>"; };
		CEA6EF182C29F059A4895C79 /* CameraLatestFrameBufferTests.swift */ = {isa = PBXFileReference; includeInIndex = 1; lastKnownFileType = sourcecode.swift; path = CameraLatestFrameBufferTests.swift; sourceTree = "<group>"; };
		D59989797E6EBBFC0CF35411 /* EventHubActorTests.swift */ = {isa = PBXFileReference; lastKnownFileType = sourcecode.swift; path = EventHubActorTests.swift; sourceTree = "<group>"; };
		D60D84126027B0503C76FF09 /* CameraFrameActor.swift */ = {isa = PBXFileReference; includeInIndex = 1; lastKnownFileType = sourcecode.swift; path = CameraFrameActor.swift; sourceTree = "<group>"; };
		DC0AA8FF292C791F7E834BEB /* StateRegistryActorTests.swift */ = {isa = PBXFileReference; lastKnownFileType = sourcecode.swift; path = StateRegistryActorTests.swift; sourceTree = "<group>"; };
		DC916A1BAE4C1951451BEF82 /* Banti.app */ = {isa = PBXFileReference; explicitFileType = wrapper.application; includeInIndex = 0; path = Banti.app; sourceTree = BUILT_PRODUCTS_DIR; };
		DE7C84911B649803DA6B062F /* ModuleSupervisorActor.swift */ = {isa = PBXFileReference; lastKnownFileType = sourcecode.swift; path = ModuleSupervisorActor.swift; sourceTree = "<group>"; };
		DFD1FA1A1D1265444177044B /* AudioFrameEvent.swift */ = {isa = PBXFileReference; lastKnownFileType = sourcecode.swift; path = AudioFrameEvent.swift; sourceTree = "<group>"; };
		E90B42354A4336C695DFC877 /* TranscriptProjectionActorTests.swift */ = {isa = PBXFileReference; lastKnownFileType = sourcecode.swift; path = TranscriptProjectionActorTests.swift; sourceTree = "<group>"; };
		AA00000000000000000000B2 /* EventLogViewModelTests.swift */ = {isa = PBXFileReference; lastKnownFileType = sourcecode.swift; path = EventLogViewModelTests.swift; sourceTree = "<group>"; };
		F01DB98C39543E07587402A1 /* TranscriptSegmentEvent.swift */ = {isa = PBXFileReference; lastKnownFileType = sourcecode.swift; path = TranscriptSegmentEvent.swift; sourceTree = "<group>"; };
		F32934994EFA9CB38D03C676 /* ClaudeVisionProvider.swift */ = {isa = PBXFileReference; includeInIndex = 1; lastKnownFileType = sourcecode.swift; path = ClaudeVisionProvider.swift; sourceTree = "<group>"; };
		F43B02A7E9EE573D65014D4D /* BantiModule.swift */ = {isa = PBXFileReference; lastKnownFileType = sourcecode.swift; path = BantiModule.swift; sourceTree = "<group>"; };
		A1B2C3D4E5F601234567890B /* SceneDescriptionActor.swift */ = {isa = PBXFileReference; lastKnownFileType = sourcecode.swift; path = SceneDescriptionActor.swift; sourceTree = "<group>"; };
		A1B2C3D4E5F601234567890D /* SceneDescriptionActorTests.swift */ = {isa = PBXFileReference; lastKnownFileType = sourcecode.swift; path = SceneDescriptionActorTests.swift; sourceTree = "<group>"; };
		AX0000000000000000000001 /* AXFocusEvent.swift */ = {isa = PBXFileReference; lastKnownFileType = sourcecode.swift; path = AXFocusEvent.swift; sourceTree = "<group>"; };
		AX0000000000000000000002 /* AXEventBridge.swift */ = {isa = PBXFileReference; lastKnownFileType = sourcecode.swift; path = AXEventBridge.swift; sourceTree = "<group>"; };
		AX0000000000000000000003 /* AXFocusActor.swift */ = {isa = PBXFileReference; lastKnownFileType = sourcecode.swift; path = AXFocusActor.swift; sourceTree = "<group>"; };
		AX0000000000000000000004 /* AXFocusActorTests.swift */ = {isa = PBXFileReference; includeInIndex = 1; lastKnownFileType = sourcecode.swift; path = AXFocusActorTests.swift; sourceTree = "<group>"; };
		SC0000000000000000000001 /* ActiveAppEvent.swift */ = {isa = PBXFileReference; lastKnownFileType = sourcecode.swift; path = ActiveAppEvent.swift; sourceTree = "<group>"; };
		SC0000000000000000000002 /* ScreenFrameEvent.swift */ = {isa = PBXFileReference; lastKnownFileType = sourcecode.swift; path = ScreenFrameEvent.swift; sourceTree = "<group>"; };
		SC0000000000000000000003 /* ScreenDescriptionEvent.swift */ = {isa = PBXFileReference; lastKnownFileType = sourcecode.swift; path = ScreenDescriptionEvent.swift; sourceTree = "<group>"; };
		SC0000000000000000000004 /* ScreenLatestFrameBuffer.swift */ = {isa = PBXFileReference; lastKnownFileType = sourcecode.swift; path = ScreenLatestFrameBuffer.swift; sourceTree = "<group>"; };
		SC0000000000000000000005 /* ActiveAppActor.swift */ = {isa = PBXFileReference; lastKnownFileType = sourcecode.swift; path = ActiveAppActor.swift; sourceTree = "<group>"; };
		SC0000000000000000000006 /* ScreenCaptureActor.swift */ = {isa = PBXFileReference; lastKnownFileType = sourcecode.swift; path = ScreenCaptureActor.swift; sourceTree = "<group>"; };
		SC0000000000000000000007 /* ScreenDescriptionActor.swift */ = {isa = PBXFileReference; lastKnownFileType = sourcecode.swift; path = ScreenDescriptionActor.swift; sourceTree = "<group>"; };
/* End PBXFileReference section */

/* Begin PBXGroup section */
		0F35798E2A7CB504C3EB213D /* Camera */ = {
			isa = PBXGroup;
			children = (
				7297CC34E70D9D5115206275 /* Providers */,
				8B9CD568A828DDF7FFCB465E /* VisionProvider.swift */,
				D60D84126027B0503C76FF09 /* CameraFrameActor.swift */,
				A1B2C3D4E5F601234567890B /* SceneDescriptionActor.swift */,
			);
			name = Camera;
			path = Camera;
			sourceTree = "<group>";
		};
		4E904FCD47CCCF1B27EF352F /* Microphone */ = {
			isa = PBXGroup;
			children = (
				A3F20B78389B9959D613AA9D /* DeepgramStreamingActor.swift */,
				1A3B55E561509BA7F23CC609 /* MicrophoneCaptureActor.swift */,
				97241A3C384AE2666045545C /* TranscriptProjectionActor.swift */,
			);
			path = Microphone;
			sourceTree = "<group>";
		};
		525E3BAD6B165F1C8C791859 /* Products */ = {
			isa = PBXGroup;
			children = (
				DC916A1BAE4C1951451BEF82 /* Banti.app */,
				637D4C47575CEAE1410E4D31 /* BantiTests.xctest */,
			);
			name = Products;
			sourceTree = "<group>";
		};
		6E8CA040CDEBFC86359E259C = {
			isa = PBXGroup;
			children = (
				8FCAF660501782B48648B98F /* Banti */,
				89811AB7C011280EDA787521 /* BantiTests */,
				525E3BAD6B165F1C8C791859 /* Products */,
			);
			sourceTree = "<group>";
		};
		71C80B79F8548D794F3499FE /* Events */ = {
			isa = PBXGroup;
			children = (
				DFD1FA1A1D1265444177044B /* AudioFrameEvent.swift */,
				256C24808236AB6EB630838D /* ModuleStatusEvent.swift */,
				8BC9FD0C909B82FFC37776F4 /* RawTranscriptEvent.swift */,
				F01DB98C39543E07587402A1 /* TranscriptSegmentEvent.swift */,
				97A14A3D15A6456186008FAE /* CameraFrameEvent.swift */,
				985C33481F5491E7DA5B5C4E /* SceneDescriptionEvent.swift */,
				AX0000000000000000000001 /* AXFocusEvent.swift */,
			SC0000000000000000000001 /* ActiveAppEvent.swift */,
			SC0000000000000000000002 /* ScreenFrameEvent.swift */,
			SC0000000000000000000003 /* ScreenDescriptionEvent.swift */,
			);
			path = Events;
			sourceTree = "<group>";
		};
		7297CC34E70D9D5115206275 /* Providers */ = {
			isa = PBXGroup;
			children = (
				F32934994EFA9CB38D03C676 /* ClaudeVisionProvider.swift */,
			);
			name = Providers;
			path = Providers;
			sourceTree = "<group>";
		};
		89811AB7C011280EDA787521 /* BantiTests */ = {
			isa = PBXGroup;
			children = (
				9BD7938B53B7B6E73741A722 /* ConfigActorTests.swift */,
				421A7D16D1EBBEB924F4E229 /* DeepgramParsingTests.swift */,
				D59989797E6EBBFC0CF35411 /* EventHubActorTests.swift */,
				C49E18F66D7464B034E556F3 /* ModuleSupervisorActorTests.swift */,
				DC0AA8FF292C791F7E834BEB /* StateRegistryActorTests.swift */,
				E90B42354A4336C695DFC877 /* TranscriptProjectionActorTests.swift */,
				AA00000000000000000000B2 /* EventLogViewModelTests.swift */,
				A1C4138736FD814449A0DDF7 /* Helpers */,
				CEA6EF182C29F059A4895C79 /* CameraLatestFrameBufferTests.swift */,
				19E962EC804A109398225489 /* ClaudeVisionProviderTests.swift */,
				48C9179D9E4D60085741EEF8 /* CameraFrameActorTests.swift */,
				A1B2C3D4E5F601234567890D /* SceneDescriptionActorTests.swift */,
				AX0000000000000000000004 /* AXFocusActorTests.swift */,
			);
			path = BantiTests;
			sourceTree = "<group>";
		};
		8FCAF660501782B48648B98F /* Banti */ = {
			isa = PBXGroup;
			children = (
				AF1C8B04BDD355530465BB17 /* Banti.entitlements */,
				07A5232F659BAB269BF7D63C /* BantiApp.swift */,
				AF385C45F59FF8A8BD7E1C51 /* Info.plist */,
				ED9DC092F7575CB5BCDA91CA /* Config */,
				CF111AEB773FC75010AEEEB2 /* Core */,
				D33BC650CEE24862C26B1F4B /* Modules */,
				ED09E317743B18AEFA4FEA53 /* UI */,
			);
			path = Banti;
			sourceTree = "<group>";
		};
		A1C4138736FD814449A0DDF7 /* Helpers */ = {
			isa = PBXGroup;
			children = (
				A6B9A7F74C631BB2A66D4D66 /* MockPerceptionModule.swift */,
				9B83E289D3AADF25670B1B8D /* TestRecorder.swift */,
				291E8308FA354B58655DE1E0 /* MockVisionProvider.swift */,
			);
			path = Helpers;
			sourceTree = "<group>";
		};
		AD08A2BAA8402AA0BBC4EF61 /* Brain */ = {
			isa = PBXGroup;
			children = (
			);
			path = Brain;
			sourceTree = "<group>";
		};
		AX0000000000000000000021 /* Accessibility */ = {
			isa = PBXGroup;
			children = (
				AX0000000000000000000002 /* AXEventBridge.swift */,
				AX0000000000000000000003 /* AXFocusActor.swift */,
			);
			path = Accessibility;
			sourceTree = "<group>";
		};
		C01ED59DB1A997668CDAA07B /* Perception */ = {
			isa = PBXGroup;
			children = (
				4E904FCD47CCCF1B27EF352F /* Microphone */,
				0F35798E2A7CB504C3EB213D /* Camera */,
				AX0000000000000000000021 /* Accessibility */,
			SC0000000000000000000021 /* Screen */,
			);
			path = Perception;
			sourceTree = "<group>";
		};
		SC0000000000000000000021 /* Screen */ = {
			isa = PBXGroup;
			children = (
				SC0000000000000000000005 /* ActiveAppActor.swift */,
				SC0000000000000000000006 /* ScreenCaptureActor.swift */,
				SC0000000000000000000007 /* ScreenDescriptionActor.swift */,
			);
			path = Screen;
			sourceTree = "<group>";
		};
		C953B92410F4480EFB6823E3 /* Action */ = {
			isa = PBXGroup;
			children = (
			);
			path = Action;
			sourceTree = "<group>";
		};
		CF111AEB773FC75010AEEEB2 /* Core */ = {
			isa = PBXGroup;
			children = (
				03835485E37E03DA196D1659 /* AudioRingBuffer.swift */,
				F43B02A7E9EE573D65014D4D /* BantiModule.swift */,
				D90720EB6D024EE78C5BE52F /* EventLoggerActor.swift */,
				ABC1BEA213B7113BA74DC8A6 /* EventHubActor.swift */,
				DE7C84911B649803DA6B062F /* ModuleSupervisorActor.swift */,
				27FA4FE960A78FDABE3B28C3 /* PerceptionEvent.swift */,
				36E000CF46FD9F55801192E4 /* StateRegistryActor.swift */,
				71C80B79F8548D794F3499FE /* Events */,
				C77D57CECB17053FE847E1DE /* CameraLatestFrameBuffer.swift */,
			SC0000000000000000000004 /* ScreenLatestFrameBuffer.swift */,
			);
			path = Core;
			sourceTree = "<group>";
		};
		D33BC650CEE24862C26B1F4B /* Modules */ = {
			isa = PBXGroup;
			children = (
				C953B92410F4480EFB6823E3 /* Action */,
				AD08A2BAA8402AA0BBC4EF61 /* Brain */,
				C01ED59DB1A997668CDAA07B /* Perception */,
			);
			path = Modules;
			sourceTree = "<group>";
		};
		ED09E317743B18AEFA4FEA53 /* UI */ = {
			isa = PBXGroup;
			children = (
				AA00000000000000000000B1 /* EventLogEntry.swift */,
				AA00000000000000000000B3 /* EventLogViewModel.swift */,
				AA00000000000000000000B4 /* EventLogView.swift */,
			);
			path = UI;
			sourceTree = "<group>";
		};
		ED9DC092F7575CB5BCDA91CA /* Config */ = {
			isa = PBXGroup;
			children = (
				3875E1430258F8FE36EA5C52 /* ConfigActor.swift */,
				168FA5F5D4BBBBC4654987A1 /* Environment.swift */,
			);
			path = Config;
			sourceTree = "<group>";
		};
/* End PBXGroup section */

/* Begin PBXNativeTarget section */
		60D4E5FB2642148C202908B6 /* Banti */ = {
			isa = PBXNativeTarget;
			buildConfigurationList = 365FD8636FEB2101D74D5EE0 /* Build configuration list for PBXNativeTarget "Banti" */;
			buildPhases = (
				6038CF273C38FF57C1939234 /* Sources */,
			);
			buildRules = (
			);
			dependencies = (
			);
			name = Banti;
			productName = Banti;
			productReference = DC916A1BAE4C1951451BEF82 /* Banti.app */;
			productType = "com.apple.product-type.application";
		};
		ACF53F685CE28AA1B2F04C99 /* BantiTests */ = {
			isa = PBXNativeTarget;
			buildConfigurationList = 44CB5E43DCEA1DB90963AC95 /* Build configuration list for PBXNativeTarget "BantiTests" */;
			buildPhases = (
				8A7A82CD128DAE9063B795AD /* Sources */,
			);
			buildRules = (
			);
			dependencies = (
				230BC844B3A273C2690995B5 /* PBXTargetDependency */,
			);
			name = BantiTests;
			productName = BantiTests;
			productReference = 637D4C47575CEAE1410E4D31 /* BantiTests.xctest */;
			productType = "com.apple.product-type.bundle.unit-test";
		};
/* End PBXNativeTarget section */

/* Begin PBXProject section */
		CA81A4E019AC4DDEC0518D3B /* Project object */ = {
			isa = PBXProject;
			attributes = {
				BuildIndependentTargetsInParallel = YES;
				LastUpgradeCheck = 1500;
				TargetAttributes = {
				};
			};
			buildConfigurationList = 23690186F2374AB6B901F250 /* Build configuration list for PBXProject "Banti" */;
			developmentRegion = en;
			hasScannedForEncodings = 0;
			knownRegions = (
				Base,
				en,
			);
			mainGroup = 6E8CA040CDEBFC86359E259C;
			minimizedProjectReferenceProxies = 1;
			preferredProjectObjectVersion = 77;
			productRefGroup = 525E3BAD6B165F1C8C791859 /* Products */;
			projectDirPath = "";
			projectRoot = "";
			targets = (
				60D4E5FB2642148C202908B6 /* Banti */,
				ACF53F685CE28AA1B2F04C99 /* BantiTests */,
			);
		};
/* End PBXProject section */

/* Begin PBXSourcesBuildPhase section */
		6038CF273C38FF57C1939234 /* Sources */ = {
			isa = PBXSourcesBuildPhase;
			buildActionMask = 2147483647;
			files = (
				63D2638DC97C505F744CDFC6 /* AudioFrameEvent.swift in Sources */,
				0CC6D3D986052CE2EB88181C /* AudioRingBuffer.swift in Sources */,
				C55985138258E88026B90693 /* BantiApp.swift in Sources */,
				5B9022A6DAF0D8DDDA01B484 /* BantiModule.swift in Sources */,
				8A63AAFC48F079FBD15F40A2 /* ConfigActor.swift in Sources */,
				E541B46D3B9578CDFE5E5A4C /* DeepgramStreamingActor.swift in Sources */,
				49725AD6DF735CA69CE0F481 /* Environment.swift in Sources */,
				B403AFB1548B41248A2730C6 /* EventLoggerActor.swift in Sources */,
				DC4CF54255F06DFCE7368939 /* EventHubActor.swift in Sources */,
				32D41898F2B2592CA0AFC21E /* MicrophoneCaptureActor.swift in Sources */,
				5F74B686C2DBB214FD615DE8 /* ModuleStatusEvent.swift in Sources */,
				0116B4A85E4A5E34794F131A /* ModuleSupervisorActor.swift in Sources */,
				B88977CC8414AD0014A55966 /* PerceptionEvent.swift in Sources */,
				16776A30DF1530F1EC2EC696 /* RawTranscriptEvent.swift in Sources */,
				5A5BF4464FED5939D4622A71 /* StateRegistryActor.swift in Sources */,
				2C38E4D9CFA93B0577181FB7 /* TranscriptProjectionActor.swift in Sources */,
				BE278D1526BF8DD19C53CF77 /* TranscriptSegmentEvent.swift in Sources */,
				AA00000000000000000000A1 /* EventLogEntry.swift in Sources */,
				AA00000000000000000000A3 /* EventLogViewModel.swift in Sources */,
				AA00000000000000000000A4 /* EventLogView.swift in Sources */,
				2DF9B44B116C102396E6F4CD /* CameraLatestFrameBuffer.swift in Sources */,
				ABF33C207DDBDF6412B11A55 /* CameraFrameEvent.swift in Sources */,
				4CEFEE9F801D61EA0C5EB2C7 /* SceneDescriptionEvent.swift in Sources */,
				0498E2A12AC3CBD3EB2743F9 /* VisionProvider.swift in Sources */,
				C9A8761EEC27AA7C6B83B7AD /* ClaudeVisionProvider.swift in Sources */,
				7EBDAA36BEB59F7C103EA064 /* CameraFrameActor.swift in Sources */,
				A1B2C3D4E5F601234567890A /* SceneDescriptionActor.swift in Sources */,
				AX0000000000000000000011 /* AXFocusEvent.swift in Sources */,
				AX0000000000000000000012 /* AXEventBridge.swift in Sources */,
				AX0000000000000000000013 /* AXFocusActor.swift in Sources */,
			SC0000000000000000000011 /* ActiveAppEvent.swift in Sources */,
			SC0000000000000000000012 /* ScreenFrameEvent.swift in Sources */,
			SC0000000000000000000013 /* ScreenDescriptionEvent.swift in Sources */,
			SC0000000000000000000014 /* ScreenLatestFrameBuffer.swift in Sources */,
			SC0000000000000000000015 /* ActiveAppActor.swift in Sources */,
			SC0000000000000000000016 /* ScreenCaptureActor.swift in Sources */,
			SC0000000000000000000017 /* ScreenDescriptionActor.swift in Sources */,
			);
			runOnlyForDeploymentPostprocessing = 0;
		};
		8A7A82CD128DAE9063B795AD /* Sources */ = {
			isa = PBXSourcesBuildPhase;
			buildActionMask = 2147483647;
			files = (
				A0C5595C99E8F714511907BC /* ConfigActorTests.swift in Sources */,
				05921957817FAB229F388097 /* DeepgramParsingTests.swift in Sources */,
				87192CC8452BC41457542D70 /* EventHubActorTests.swift in Sources */,
				13AC4A829C8A428BD2F2E84D /* MockPerceptionModule.swift in Sources */,
				26059399C43305A9080890C7 /* ModuleSupervisorActorTests.swift in Sources */,
				5035974F97216606123E6743 /* StateRegistryActorTests.swift in Sources */,
				5A7A7E6AA5E7F7210D806B29 /* TestRecorder.swift in Sources */,
				A9E47F46030D9279CA94BFD7 /* TranscriptProjectionActorTests.swift in Sources */,
				AA00000000000000000000A2 /* EventLogViewModelTests.swift in Sources */,
				22BEE8AF2932BFB1F467192E /* CameraLatestFrameBufferTests.swift in Sources */,
				123B05F76B2854A2E46600D2 /* MockVisionProvider.swift in Sources */,
				F5F9568CFC31AAA9875A1174 /* ClaudeVisionProviderTests.swift in Sources */,
				67C47B2F7CA0BD797D192FCD /* CameraFrameActorTests.swift in Sources */,
				A1B2C3D4E5F601234567890C /* SceneDescriptionActorTests.swift in Sources */,
				AX0000000000000000000014 /* AXFocusActorTests.swift in Sources */,
			);
			runOnlyForDeploymentPostprocessing = 0;
		};
/* End PBXSourcesBuildPhase section */

/* Begin PBXTargetDependency section */
		230BC844B3A273C2690995B5 /* PBXTargetDependency */ = {
			isa = PBXTargetDependency;
			target = 60D4E5FB2642148C202908B6 /* Banti */;
			targetProxy = D044E710A8D36E87933C2530 /* PBXContainerItemProxy */;
		};
/* End PBXTargetDependency section */

/* Begin XCBuildConfiguration section */
		5D34E36292F7A9EA856C9901 /* Debug */ = {
			isa = XCBuildConfiguration;
			buildSettings = {
				ASSETCATALOG_COMPILER_APPICON_NAME = AppIcon;
				CODE_SIGN_ENTITLEMENTS = Banti/Banti.entitlements;
				COMBINE_HIDPI_IMAGES = YES;
				INFOPLIST_FILE = Banti/Info.plist;
				LD_RUNPATH_SEARCH_PATHS = (
					"$(inherited)",
					"@executable_path/../Frameworks",
				);
				PRODUCT_BUNDLE_IDENTIFIER = com.banti.Banti;
				SDKROOT = macosx;
			};
			name = Debug;
		};
		77E631B5A9D9DFB589D69630 /* Release */ = {
			isa = XCBuildConfiguration;
			buildSettings = {
				BUNDLE_LOADER = "$(TEST_HOST)";
				COMBINE_HIDPI_IMAGES = YES;
				GENERATE_INFOPLIST_FILE = YES;
				LD_RUNPATH_SEARCH_PATHS = (
					"$(inherited)",
					"@executable_path/../Frameworks",
					"@loader_path/../Frameworks",
				);
				PRODUCT_BUNDLE_IDENTIFIER = com.banti.BantiTests;
				SDKROOT = macosx;
				TEST_HOST = "$(BUILT_PRODUCTS_DIR)/Banti.app/Contents/MacOS/Banti";
			};
			name = Release;
		};
		8F3DB4973BA10E1997D0333B /* Release */ = {
			isa = XCBuildConfiguration;
			buildSettings = {
				ALWAYS_SEARCH_USER_PATHS = NO;
				CLANG_ANALYZER_NONNULL = YES;
				CLANG_ANALYZER_NUMBER_OBJECT_CONVERSION = YES_AGGRESSIVE;
				CLANG_CXX_LANGUAGE_STANDARD = "gnu++14";
				CLANG_CXX_LIBRARY = "libc++";
				CLANG_ENABLE_MODULES = YES;
				CLANG_ENABLE_OBJC_ARC = YES;
				CLANG_ENABLE_OBJC_WEAK = YES;
				CLANG_WARN_BLOCK_CAPTURE_AUTORELEASING = YES;
				CLANG_WARN_BOOL_CONVERSION = YES;
				CLANG_WARN_COMMA = YES;
				CLANG_WARN_CONSTANT_CONVERSION = YES;
				CLANG_WARN_DEPRECATED_OBJC_IMPLEMENTATIONS = YES;
				CLANG_WARN_DIRECT_OBJC_ISA_USAGE = YES_ERROR;
				CLANG_WARN_DOCUMENTATION_COMMENTS = YES;
				CLANG_WARN_EMPTY_BODY = YES;
				CLANG_WARN_ENUM_CONVERSION = YES;
				CLANG_WARN_INFINITE_RECURSION = YES;
				CLANG_WARN_INT_CONVERSION = YES;
				CLANG_WARN_NON_LITERAL_NULL_CONVERSION = YES;
				CLANG_WARN_OBJC_IMPLICIT_RETAIN_SELF = YES;
				CLANG_WARN_OBJC_LITERAL_CONVERSION = YES;
				CLANG_WARN_OBJC_ROOT_CLASS = YES_ERROR;
				CLANG_WARN_QUOTED_INCLUDE_IN_FRAMEWORK_HEADER = YES;
				CLANG_WARN_RANGE_LOOP_ANALYSIS = YES;
				CLANG_WARN_STRICT_PROTOTYPES = YES;
				CLANG_WARN_SUSPICIOUS_MOVE = YES;
				CLANG_WARN_UNGUARDED_AVAILABILITY = YES_AGGRESSIVE;
				CLANG_WARN_UNREACHABLE_CODE = YES;
				CLANG_WARN__DUPLICATE_METHOD_MATCH = YES;
				COPY_PHASE_STRIP = NO;
				DEBUG_INFORMATION_FORMAT = "dwarf-with-dsym";
				ENABLE_NS_ASSERTIONS = NO;
				ENABLE_STRICT_OBJC_MSGSEND = YES;
				GCC_C_LANGUAGE_STANDARD = gnu11;
				GCC_NO_COMMON_BLOCKS = YES;
				GCC_WARN_64_TO_32_BIT_CONVERSION = YES;
				GCC_WARN_ABOUT_RETURN_TYPE = YES_ERROR;
				GCC_WARN_UNDECLARED_SELECTOR = YES;
				GCC_WARN_UNINITIALIZED_AUTOS = YES_AGGRESSIVE;
				GCC_WARN_UNUSED_FUNCTION = YES;
				GCC_WARN_UNUSED_VARIABLE = YES;
				MACOSX_DEPLOYMENT_TARGET = 14.0;
				MTL_ENABLE_DEBUG_INFO = NO;
				MTL_FAST_MATH = YES;
				PRODUCT_NAME = "$(TARGET_NAME)";
				SDKROOT = macosx;
				SWIFT_COMPILATION_MODE = wholemodule;
				SWIFT_OPTIMIZATION_LEVEL = "-O";
				SWIFT_STRICT_CONCURRENCY = complete;
				SWIFT_VERSION = 5.9;
			};
			name = Release;
		};
		C3A7B25B7755C89221C29803 /* Debug */ = {
			isa = XCBuildConfiguration;
			buildSettings = {
				ALWAYS_SEARCH_USER_PATHS = NO;
				CLANG_ANALYZER_NONNULL = YES;
				CLANG_ANALYZER_NUMBER_OBJECT_CONVERSION = YES_AGGRESSIVE;
				CLANG_CXX_LANGUAGE_STANDARD = "gnu++14";
				CLANG_CXX_LIBRARY = "libc++";
				CLANG_ENABLE_MODULES = YES;
				CLANG_ENABLE_OBJC_ARC = YES;
				CLANG_ENABLE_OBJC_WEAK = YES;
				CLANG_WARN_BLOCK_CAPTURE_AUTORELEASING = YES;
				CLANG_WARN_BOOL_CONVERSION = YES;
				CLANG_WARN_COMMA = YES;
				CLANG_WARN_CONSTANT_CONVERSION = YES;
				CLANG_WARN_DEPRECATED_OBJC_IMPLEMENTATIONS = YES;
				CLANG_WARN_DIRECT_OBJC_ISA_USAGE = YES_ERROR;
				CLANG_WARN_DOCUMENTATION_COMMENTS = YES;
				CLANG_WARN_EMPTY_BODY = YES;
				CLANG_WARN_ENUM_CONVERSION = YES;
				CLANG_WARN_INFINITE_RECURSION = YES;
				CLANG_WARN_INT_CONVERSION = YES;
				CLANG_WARN_NON_LITERAL_NULL_CONVERSION = YES;
				CLANG_WARN_OBJC_IMPLICIT_RETAIN_SELF = YES;
				CLANG_WARN_OBJC_LITERAL_CONVERSION = YES;
				CLANG_WARN_OBJC_ROOT_CLASS = YES_ERROR;
				CLANG_WARN_QUOTED_INCLUDE_IN_FRAMEWORK_HEADER = YES;
				CLANG_WARN_RANGE_LOOP_ANALYSIS = YES;
				CLANG_WARN_STRICT_PROTOTYPES = YES;
				CLANG_WARN_SUSPICIOUS_MOVE = YES;
				CLANG_WARN_UNGUARDED_AVAILABILITY = YES_AGGRESSIVE;
				CLANG_WARN_UNREACHABLE_CODE = YES;
				CLANG_WARN__DUPLICATE_METHOD_MATCH = YES;
				COPY_PHASE_STRIP = NO;
				DEBUG_INFORMATION_FORMAT = dwarf;
				ENABLE_STRICT_OBJC_MSGSEND = YES;
				ENABLE_TESTABILITY = YES;
				GCC_C_LANGUAGE_STANDARD = gnu11;
				GCC_DYNAMIC_NO_PIC = NO;
				GCC_NO_COMMON_BLOCKS = YES;
				GCC_OPTIMIZATION_LEVEL = 0;
				GCC_PREPROCESSOR_DEFINITIONS = (
					"$(inherited)",
					"DEBUG=1",
				);
				GCC_WARN_64_TO_32_BIT_CONVERSION = YES;
				GCC_WARN_ABOUT_RETURN_TYPE = YES_ERROR;
				GCC_WARN_UNDECLARED_SELECTOR = YES;
				GCC_WARN_UNINITIALIZED_AUTOS = YES_AGGRESSIVE;
				GCC_WARN_UNUSED_FUNCTION = YES;
				GCC_WARN_UNUSED_VARIABLE = YES;
				MACOSX_DEPLOYMENT_TARGET = 14.0;
				MTL_ENABLE_DEBUG_INFO = INCLUDE_SOURCE;
				MTL_FAST_MATH = YES;
				ONLY_ACTIVE_ARCH = YES;
				PRODUCT_NAME = "$(TARGET_NAME)";
				SDKROOT = macosx;
				SWIFT_ACTIVE_COMPILATION_CONDITIONS = DEBUG;
				SWIFT_OPTIMIZATION_LEVEL = "-Onone";
				SWIFT_STRICT_CONCURRENCY = complete;
				SWIFT_VERSION = 5.9;
			};
			name = Debug;
		};
		C9DE931CD431523D6AF2BA47 /* Release */ = {
			isa = XCBuildConfiguration;
			buildSettings = {
				ASSETCATALOG_COMPILER_APPICON_NAME = AppIcon;
				CODE_SIGN_ENTITLEMENTS = Banti/Banti.entitlements;
				COMBINE_HIDPI_IMAGES = YES;
				INFOPLIST_FILE = Banti/Info.plist;
				LD_RUNPATH_SEARCH_PATHS = (
					"$(inherited)",
					"@executable_path/../Frameworks",
				);
				PRODUCT_BUNDLE_IDENTIFIER = com.banti.Banti;
				SDKROOT = macosx;
			};
			name = Release;
		};
		D2A25F3314EB04BD2C4B6D4A /* Debug */ = {
			isa = XCBuildConfiguration;
			buildSettings = {
				BUNDLE_LOADER = "$(TEST_HOST)";
				COMBINE_HIDPI_IMAGES = YES;
				GENERATE_INFOPLIST_FILE = YES;
				LD_RUNPATH_SEARCH_PATHS = (
					"$(inherited)",
					"@executable_path/../Frameworks",
					"@loader_path/../Frameworks",
				);
				PRODUCT_BUNDLE_IDENTIFIER = com.banti.BantiTests;
				SDKROOT = macosx;
				TEST_HOST = "$(BUILT_PRODUCTS_DIR)/Banti.app/Contents/MacOS/Banti";
			};
			name = Debug;
		};
/* End XCBuildConfiguration section */

/* Begin XCConfigurationList section */
		23690186F2374AB6B901F250 /* Build configuration list for PBXProject "Banti" */ = {
			isa = XCConfigurationList;
			buildConfigurations = (
				C3A7B25B7755C89221C29803 /* Debug */,
				8F3DB4973BA10E1997D0333B /* Release */,
			);
			defaultConfigurationIsVisible = 0;
			defaultConfigurationName = Debug;
		};
		365FD8636FEB2101D74D5EE0 /* Build configuration list for PBXNativeTarget "Banti" */ = {
			isa = XCConfigurationList;
			buildConfigurations = (
				5D34E36292F7A9EA856C9901 /* Debug */,
				C9DE931CD431523D6AF2BA47 /* Release */,
			);
			defaultConfigurationIsVisible = 0;
			defaultConfigurationName = Debug;
		};
		44CB5E43DCEA1DB90963AC95 /* Build configuration list for PBXNativeTarget "BantiTests" */ = {
			isa = XCConfigurationList;
			buildConfigurations = (
				D2A25F3314EB04BD2C4B6D4A /* Debug */,
				77E631B5A9D9DFB589D69630 /* Release */,
			);
			defaultConfigurationIsVisible = 0;
			defaultConfigurationName = Debug;
		};
/* End XCConfigurationList section */
	};
	rootObject = CA81A4E019AC4DDEC0518D3B /* Project object */;
}
